// !$*UTF8*$!
{
	archiveVersion = 1;
	classes = {
	};
	objectVersion = 46;
	objects = {

/* Begin PBXBuildFile section */
		FB30F2661E2DE65D0091AFBA /* main.m in Sources */ = {isa = PBXBuildFile; fileRef = FB30F2651E2DE65D0091AFBA /* main.m */; };
		FB30F2691E2DE65D0091AFBA /* AppDelegate.m in Sources */ = {isa = PBXBuildFile; fileRef = FB30F2681E2DE65D0091AFBA /* AppDelegate.m */; };
		FB30F26C1E2DE65D0091AFBA /* ViewController.m in Sources */ = {isa = PBXBuildFile; fileRef = FB30F26B1E2DE65D0091AFBA /* ViewController.m */; };
		FB30F26F1E2DE65D0091AFBA /* Main.storyboard in Resources */ = {isa = PBXBuildFile; fileRef = FB30F26D1E2DE65D0091AFBA /* Main.storyboard */; };
		FB30F2711E2DE65D0091AFBA /* Assets.xcassets in Resources */ = {isa = PBXBuildFile; fileRef = FB30F2701E2DE65D0091AFBA /* Assets.xcassets */; };
		FB30F2741E2DE65D0091AFBA /* LaunchScreen.storyboard in Resources */ = {isa = PBXBuildFile; fileRef = FB30F2721E2DE65D0091AFBA /* LaunchScreen.storyboard */; };
		FB30F27F1E2DE65D0091AFBA /* DHNetRequestToolTests.m in Sources */ = {isa = PBXBuildFile; fileRef = FB30F27E1E2DE65D0091AFBA /* DHNetRequestToolTests.m */; };
		FB30F28A1E2DE65D0091AFBA /* DHNetRequestToolUITests.m in Sources */ = {isa = PBXBuildFile; fileRef = FB30F2891E2DE65D0091AFBA /* DHNetRequestToolUITests.m */; };
/* End PBXBuildFile section */

/* Begin PBXContainerItemProxy section */
		FB30F27B1E2DE65D0091AFBA /* PBXContainerItemProxy */ = {
			isa = PBXContainerItemProxy;
			containerPortal = FB30F2591E2DE65D0091AFBA /* Project object */;
			proxyType = 1;
			remoteGlobalIDString = FB30F2601E2DE65D0091AFBA;
			remoteInfo = DHNetRequestTool;
		};
		FB30F2861E2DE65D0091AFBA /* PBXContainerItemProxy */ = {
			isa = PBXContainerItemProxy;
			containerPortal = FB30F2591E2DE65D0091AFBA /* Project object */;
			proxyType = 1;
			remoteGlobalIDString = FB30F2601E2DE65D0091AFBA;
			remoteInfo = DHNetRequestTool;
		};
/* End PBXContainerItemProxy section */

/* Begin PBXFileReference section */
		FB30F2611E2DE65D0091AFBA /* DHNetRequestTool.app */ = {isa = PBXFileReference; explicitFileType = wrapper.application; includeInIndex = 0; path = DHNetRequestTool.app; sourceTree = BUILT_PRODUCTS_DIR; };
		FB30F2651E2DE65D0091AFBA /* main.m */ = {isa = PBXFileReference; lastKnownFileType = sourcecode.c.objc; path = main.m; sourceTree = "<group>"; };
		FB30F2671E2DE65D0091AFBA /* AppDelegate.h */ = {isa = PBXFileReference; lastKnownFileType = sourcecode.c.h; path = AppDelegate.h; sourceTree = "<group>"; };
		FB30F2681E2DE65D0091AFBA /* AppDelegate.m */ = {isa = PBXFileReference; lastKnownFileType = sourcecode.c.objc; path = AppDelegate.m; sourceTree = "<group>"; };
		FB30F26A1E2DE65D0091AFBA /* ViewController.h */ = {isa = PBXFileReference; lastKnownFileType = sourcecode.c.h; path = ViewController.h; sourceTree = "<group>"; };
		FB30F26B1E2DE65D0091AFBA /* ViewController.m */ = {isa = PBXFileReference; lastKnownFileType = sourcecode.c.objc; path = ViewController.m; sourceTree = "<group>"; };
		FB30F26E1E2DE65D0091AFBA /* Base */ = {isa = PBXFileReference; lastKnownFileType = file.storyboard; name = Base; path = Base.lproj/Main.storyboard; sourceTree = "<group>"; };
		FB30F2701E2DE65D0091AFBA /* Assets.xcassets */ = {isa = PBXFileReference; lastKnownFileType = folder.assetcatalog; path = Assets.xcassets; sourceTree = "<group>"; };
		FB30F2731E2DE65D0091AFBA /* Base */ = {isa = PBXFileReference; lastKnownFileType = file.storyboard; name = Base; path = Base.lproj/LaunchScreen.storyboard; sourceTree = "<group>"; };
		FB30F2751E2DE65D0091AFBA /* Info.plist */ = {isa = PBXFileReference; lastKnownFileType = text.plist.xml; path = Info.plist; sourceTree = "<group>"; };
		FB30F27A1E2DE65D0091AFBA /* DHNetRequestToolTests.xctest */ = {isa = PBXFileReference; explicitFileType = wrapper.cfbundle; includeInIndex = 0; path = DHNetRequestToolTests.xctest; sourceTree = BUILT_PRODUCTS_DIR; };
		FB30F27E1E2DE65D0091AFBA /* DHNetRequestToolTests.m */ = {isa = PBXFileReference; lastKnownFileType = sourcecode.c.objc; path = DHNetRequestToolTests.m; sourceTree = "<group>"; };
		FB30F2801E2DE65D0091AFBA /* Info.plist */ = {isa = PBXFileReference; lastKnownFileType = text.plist.xml; path = Info.plist; sourceTree = "<group>"; };
		FB30F2851E2DE65D0091AFBA /* DHNetRequestToolUITests.xctest */ = {isa = PBXFileReference; explicitFileType = wrapper.cfbundle; includeInIndex = 0; path = DHNetRequestToolUITests.xctest; sourceTree = BUILT_PRODUCTS_DIR; };
		FB30F2891E2DE65D0091AFBA /* DHNetRequestToolUITests.m */ = {isa = PBXFileReference; lastKnownFileType = sourcecode.c.objc; path = DHNetRequestToolUITests.m; sourceTree = "<group>"; };
		FB30F28B1E2DE65D0091AFBA /* Info.plist */ = {isa = PBXFileReference; lastKnownFileType = text.plist.xml; path = Info.plist; sourceTree = "<group>"; };
/* End PBXFileReference section */

/* Begin PBXFrameworksBuildPhase section */
		FB30F25E1E2DE65D0091AFBA /* Frameworks */ = {
			isa = PBXFrameworksBuildPhase;
			buildActionMask = 2147483647;
			files = (
			);
			runOnlyForDeploymentPostprocessing = 0;
		};
		FB30F2771E2DE65D0091AFBA /* Frameworks */ = {
			isa = PBXFrameworksBuildPhase;
			buildActionMask = 2147483647;
			files = (
			);
			runOnlyForDeploymentPostprocessing = 0;
		};
		FB30F2821E2DE65D0091AFBA /* Frameworks */ = {
			isa = PBXFrameworksBuildPhase;
			buildActionMask = 2147483647;
			files = (
			);
			runOnlyForDeploymentPostprocessing = 0;
		};
/* End PBXFrameworksBuildPhase section */

/* Begin PBXGroup section */
		FB30F2581E2DE65D0091AFBA = {
			isa = PBXGroup;
			children = (
				FB30F2631E2DE65D0091AFBA /* DHNetRequestTool */,
				FB30F27D1E2DE65D0091AFBA /* DHNetRequestToolTests */,
				FB30F2881E2DE65D0091AFBA /* DHNetRequestToolUITests */,
				FB30F2621E2DE65D0091AFBA /* Products */,
			);
			sourceTree = "<group>";
		};
		FB30F2621E2DE65D0091AFBA /* Products */ = {
			isa = PBXGroup;
			children = (
				FB30F2611E2DE65D0091AFBA /* DHNetRequestTool.app */,
				FB30F27A1E2DE65D0091AFBA /* DHNetRequestToolTests.xctest */,
				FB30F2851E2DE65D0091AFBA /* DHNetRequestToolUITests.xctest */,
			);
			name = Products;
			sourceTree = "<group>";
		};
		FB30F2631E2DE65D0091AFBA /* DHNetRequestTool */ = {
			isa = PBXGroup;
			children = (
				FB30F2671E2DE65D0091AFBA /* AppDelegate.h */,
				FB30F2681E2DE65D0091AFBA /* AppDelegate.m */,
				FB30F26A1E2DE65D0091AFBA /* ViewController.h */,
				FB30F26B1E2DE65D0091AFBA /* ViewController.m */,
				FB30F26D1E2DE65D0091AFBA /* Main.storyboard */,
				FB30F2701E2DE65D0091AFBA /* Assets.xcassets */,
				FB30F2721E2DE65D0091AFBA /* LaunchScreen.storyboard */,
				FB30F2751E2DE65D0091AFBA /* Info.plist */,
				FB30F2641E2DE65D0091AFBA /* Supporting Files */,
			);
			path = DHNetRequestTool;
			sourceTree = "<group>";
		};
		FB30F2641E2DE65D0091AFBA /* Supporting Files */ = {
			isa = PBXGroup;
			children = (
				FB30F2651E2DE65D0091AFBA /* main.m */,
			);
			name = "Supporting Files";
			sourceTree = "<group>";
		};
		FB30F27D1E2DE65D0091AFBA /* DHNetRequestToolTests */ = {
			isa = PBXGroup;
			children = (
				FB30F27E1E2DE65D0091AFBA /* DHNetRequestToolTests.m */,
				FB30F2801E2DE65D0091AFBA /* Info.plist */,
			);
			path = DHNetRequestToolTests;
			sourceTree = "<group>";
		};
		FB30F2881E2DE65D0091AFBA /* DHNetRequestToolUITests */ = {
			isa = PBXGroup;
			children = (
				FB30F2891E2DE65D0091AFBA /* DHNetRequestToolUITests.m */,
				FB30F28B1E2DE65D0091AFBA /* Info.plist */,
			);
			path = DHNetRequestToolUITests;
			sourceTree = "<group>";
		};
/* End PBXGroup section */

/* Begin PBXNativeTarget section */
		FB30F2601E2DE65D0091AFBA /* DHNetRequestTool */ = {
			isa = PBXNativeTarget;
			buildConfigurationList = FB30F28E1E2DE65D0091AFBA /* Build configuration list for PBXNativeTarget "DHNetRequestTool" */;
			buildPhases = (
				FB30F25D1E2DE65D0091AFBA /* Sources */,
				FB30F25E1E2DE65D0091AFBA /* Frameworks */,
				FB30F25F1E2DE65D0091AFBA /* Resources */,
			);
			buildRules = (
			);
			dependencies = (
			);
			name = DHNetRequestTool;
			productName = DHNetRequestTool;
			productReference = FB30F2611E2DE65D0091AFBA /* DHNetRequestTool.app */;
			productType = "com.apple.product-type.application";
		};
		FB30F2791E2DE65D0091AFBA /* DHNetRequestToolTests */ = {
			isa = PBXNativeTarget;
			buildConfigurationList = FB30F2911E2DE65D0091AFBA /* Build configuration list for PBXNativeTarget "DHNetRequestToolTests" */;
			buildPhases = (
				FB30F2761E2DE65D0091AFBA /* Sources */,
				FB30F2771E2DE65D0091AFBA /* Frameworks */,
				FB30F2781E2DE65D0091AFBA /* Resources */,
			);
			buildRules = (
			);
			dependencies = (
				FB30F27C1E2DE65D0091AFBA /* PBXTargetDependency */,
			);
			name = DHNetRequestToolTests;
			productName = DHNetRequestToolTests;
			productReference = FB30F27A1E2DE65D0091AFBA /* DHNetRequestToolTests.xctest */;
			productType = "com.apple.product-type.bundle.unit-test";
		};
		FB30F2841E2DE65D0091AFBA /* DHNetRequestToolUITests */ = {
			isa = PBXNativeTarget;
			buildConfigurationList = FB30F2941E2DE65D0091AFBA /* Build configuration list for PBXNativeTarget "DHNetRequestToolUITests" */;
			buildPhases = (
				FB30F2811E2DE65D0091AFBA /* Sources */,
				FB30F2821E2DE65D0091AFBA /* Frameworks */,
				FB30F2831E2DE65D0091AFBA /* Resources */,
			);
			buildRules = (
			);
			dependencies = (
				FB30F2871E2DE65D0091AFBA /* PBXTargetDependency */,
			);
			name = DHNetRequestToolUITests;
			productName = DHNetRequestToolUITests;
			productReference = FB30F2851E2DE65D0091AFBA /* DHNetRequestToolUITests.xctest */;
			productType = "com.apple.product-type.bundle.ui-testing";
		};
/* End PBXNativeTarget section */

/* Begin PBXProject section */
		FB30F2591E2DE65D0091AFBA /* Project object */ = {
			isa = PBXProject;
			attributes = {
				LastUpgradeCheck = 0800;
				ORGANIZATIONNAME = "胡大海";
				TargetAttributes = {
					FB30F2601E2DE65D0091AFBA = {
						CreatedOnToolsVersion = 8.0;
						DevelopmentTeam = QXL582XFUQ;
						ProvisioningStyle = Automatic;
					};
					FB30F2791E2DE65D0091AFBA = {
						CreatedOnToolsVersion = 8.0;
						DevelopmentTeam = QXL582XFUQ;
						ProvisioningStyle = Automatic;
						TestTargetID = FB30F2601E2DE65D0091AFBA;
					};
					FB30F2841E2DE65D0091AFBA = {
						CreatedOnToolsVersion = 8.0;
						DevelopmentTeam = QXL582XFUQ;
						ProvisioningStyle = Automatic;
						TestTargetID = FB30F2601E2DE65D0091AFBA;
					};
				};
			};
			buildConfigurationList = FB30F25C1E2DE65D0091AFBA /* Build configuration list for PBXProject "DHNetRequestTool" */;
			compatibilityVersion = "Xcode 3.2";
			developmentRegion = English;
			hasScannedForEncodings = 0;
			knownRegions = (
				en,
				Base,
			);
			mainGroup = FB30F2581E2DE65D0091AFBA;
			productRefGroup = FB30F2621E2DE65D0091AFBA /* Products */;
			projectDirPath = "";
			projectRoot = "";
			targets = (
				FB30F2601E2DE65D0091AFBA /* DHNetRequestTool */,
				FB30F2791E2DE65D0091AFBA /* DHNetRequestToolTests */,
				FB30F2841E2DE65D0091AFBA /* DHNetRequestToolUITests */,
			);
		};
/* End PBXProject section */

/* Begin PBXResourcesBuildPhase section */
		FB30F25F1E2DE65D0091AFBA /* Resources */ = {
			isa = PBXResourcesBuildPhase;
			buildActionMask = 2147483647;
			files = (
				FB30F2741E2DE65D0091AFBA /* LaunchScreen.storyboard in Resources */,
				FB30F2711E2DE65D0091AFBA /* Assets.xcassets in Resources */,
				FB30F26F1E2DE65D0091AFBA /* Main.storyboard in Resources */,
			);
			runOnlyForDeploymentPostprocessing = 0;
		};
		FB30F2781E2DE65D0091AFBA /* Resources */ = {
			isa = PBXResourcesBuildPhase;
			buildActionMask = 2147483647;
			files = (
			);
			runOnlyForDeploymentPostprocessing = 0;
		};
		FB30F2831E2DE65D0091AFBA /* Resources */ = {
			isa = PBXResourcesBuildPhase;
			buildActionMask = 2147483647;
			files = (
			);
			runOnlyForDeploymentPostprocessing = 0;
		};
/* End PBXResourcesBuildPhase section */

/* Begin PBXSourcesBuildPhase section */
		FB30F25D1E2DE65D0091AFBA /* Sources */ = {
			isa = PBXSourcesBuildPhase;
			buildActionMask = 2147483647;
			files = (
				FB30F26C1E2DE65D0091AFBA /* ViewController.m in Sources */,
				FB30F2691E2DE65D0091AFBA /* AppDelegate.m in Sources */,
				FB30F2661E2DE65D0091AFBA /* main.m in Sources */,
			);
			runOnlyForDeploymentPostprocessing = 0;
		};
		FB30F2761E2DE65D0091AFBA /* Sources */ = {
			isa = PBXSourcesBuildPhase;
			buildActionMask = 2147483647;
			files = (
				FB30F27F1E2DE65D0091AFBA /* DHNetRequestToolTests.m in Sources */,
			);
			runOnlyForDeploymentPostprocessing = 0;
		};
		FB30F2811E2DE65D0091AFBA /* Sources */ = {
			isa = PBXSourcesBuildPhase;
			buildActionMask = 2147483647;
			files = (
				FB30F28A1E2DE65D0091AFBA /* DHNetRequestToolUITests.m in Sources */,
			);
			runOnlyForDeploymentPostprocessing = 0;
		};
/* End PBXSourcesBuildPhase section */

/* Begin PBXTargetDependency section */
		FB30F27C1E2DE65D0091AFBA /* PBXTargetDependency */ = {
			isa = PBXTargetDependency;
			target = FB30F2601E2DE65D0091AFBA /* DHNetRequestTool */;
			targetProxy = FB30F27B1E2DE65D0091AFBA /* PBXContainerItemProxy */;
		};
		FB30F2871E2DE65D0091AFBA /* PBXTargetDependency */ = {
			isa = PBXTargetDependency;
			target = FB30F2601E2DE65D0091AFBA /* DHNetRequestTool */;
			targetProxy = FB30F2861E2DE65D0091AFBA /* PBXContainerItemProxy */;
		};
/* End PBXTargetDependency section */

/* Begin PBXVariantGroup section */
		FB30F26D1E2DE65D0091AFBA /* Main.storyboard */ = {
			isa = PBXVariantGroup;
			children = (
				FB30F26E1E2DE65D0091AFBA /* Base */,
			);
			name = Main.storyboard;
			sourceTree = "<group>";
		};
		FB30F2721E2DE65D0091AFBA /* LaunchScreen.storyboard */ = {
			isa = PBXVariantGroup;
			children = (
				FB30F2731E2DE65D0091AFBA /* Base */,
			);
			name = LaunchScreen.storyboard;
			sourceTree = "<group>";
		};
/* End PBXVariantGroup section */

/* Begin XCBuildConfiguration section */
		FB30F28C1E2DE65D0091AFBA /* Debug */ = {
			isa = XCBuildConfiguration;
			buildSettings = {
				ALWAYS_SEARCH_USER_PATHS = NO;
				CLANG_ANALYZER_NONNULL = YES;
				CLANG_CXX_LANGUAGE_STANDARD = "gnu++0x";
				CLANG_CXX_LIBRARY = "libc++";
				CLANG_ENABLE_MODULES = YES;
				CLANG_ENABLE_OBJC_ARC = YES;
				CLANG_WARN_BOOL_CONVERSION = YES;
				CLANG_WARN_CONSTANT_CONVERSION = YES;
				CLANG_WARN_DIRECT_OBJC_ISA_USAGE = YES_ERROR;
				CLANG_WARN_DOCUMENTATION_COMMENTS = YES;
				CLANG_WARN_EMPTY_BODY = YES;
				CLANG_WARN_ENUM_CONVERSION = YES;
				CLANG_WARN_INFINITE_RECURSION = YES;
				CLANG_WARN_INT_CONVERSION = YES;
				CLANG_WARN_OBJC_ROOT_CLASS = YES_ERROR;
				CLANG_WARN_SUSPICIOUS_MOVES = YES;
				CLANG_WARN_UNREACHABLE_CODE = YES;
				CLANG_WARN__DUPLICATE_METHOD_MATCH = YES;
				"CODE_SIGN_IDENTITY[sdk=iphoneos*]" = "iPhone Developer";
				COPY_PHASE_STRIP = NO;
				DEBUG_INFORMATION_FORMAT = dwarf;
				ENABLE_STRICT_OBJC_MSGSEND = YES;
				ENABLE_TESTABILITY = YES;
				GCC_C_LANGUAGE_STANDARD = gnu99;
				GCC_DYNAMIC_NO_PIC = NO;
				GCC_NO_COMMON_BLOCKS = YES;
				GCC_OPTIMIZATION_LEVEL = 0;
				GCC_PREPROCESSOR_DEFINITIONS = (
					"DEBUG=1",
					"$(inherited)",
				);
				GCC_WARN_64_TO_32_BIT_CONVERSION = YES;
				GCC_WARN_ABOUT_RETURN_TYPE = YES_ERROR;
				GCC_WARN_UNDECLARED_SELECTOR = YES;
				GCC_WARN_UNINITIALIZED_AUTOS = YES_AGGRESSIVE;
				GCC_WARN_UNUSED_FUNCTION = YES;
				GCC_WARN_UNUSED_VARIABLE = YES;
				IPHONEOS_DEPLOYMENT_TARGET = 10.0;
				MTL_ENABLE_DEBUG_INFO = YES;
				ONLY_ACTIVE_ARCH = YES;
				SDKROOT = iphoneos;
			};
			name = Debug;
		};
		FB30F28D1E2DE65D0091AFBA /* Release */ = {
			isa = XCBuildConfiguration;
			buildSettings = {
				ALWAYS_SEARCH_USER_PATHS = NO;
				CLANG_ANALYZER_NONNULL = YES;
				CLANG_CXX_LANGUAGE_STANDARD = "gnu++0x";
				CLANG_CXX_LIBRARY = "libc++";
				CLANG_ENABLE_MODULES = YES;
				CLANG_ENABLE_OBJC_ARC = YES;
				CLANG_WARN_BOOL_CONVERSION = YES;
				CLANG_WARN_CONSTANT_CONVERSION = YES;
				CLANG_WARN_DIRECT_OBJC_ISA_USAGE = YES_ERROR;
				CLANG_WARN_DOCUMENTATION_COMMENTS = YES;
				CLANG_WARN_EMPTY_BODY = YES;
				CLANG_WARN_ENUM_CONVERSION = YES;
				CLANG_WARN_INFINITE_RECURSION = YES;
				CLANG_WARN_INT_CONVERSION = YES;
				CLANG_WARN_OBJC_ROOT_CLASS = YES_ERROR;
				CLANG_WARN_SUSPICIOUS_MOVES = YES;
				CLANG_WARN_UNREACHABLE_CODE = YES;
				CLANG_WARN__DUPLICATE_METHOD_MATCH = YES;
				"CODE_SIGN_IDENTITY[sdk=iphoneos*]" = "iPhone Developer";
				COPY_PHASE_STRIP = NO;
				DEBUG_INFORMATION_FORMAT = "dwarf-with-dsym";
				ENABLE_NS_ASSERTIONS = NO;
				ENABLE_STRICT_OBJC_MSGSEND = YES;
				GCC_C_LANGUAGE_STANDARD = gnu99;
				GCC_NO_COMMON_BLOCKS = YES;
				GCC_WARN_64_TO_32_BIT_CONVERSION = YES;
				GCC_WARN_ABOUT_RETURN_TYPE = YES_ERROR;
				GCC_WARN_UNDECLARED_SELECTOR = YES;
				GCC_WARN_UNINITIALIZED_AUTOS = YES_AGGRESSIVE;
				GCC_WARN_UNUSED_FUNCTION = YES;
				GCC_WARN_UNUSED_VARIABLE = YES;
				IPHONEOS_DEPLOYMENT_TARGET = 10.0;
				MTL_ENABLE_DEBUG_INFO = NO;
				SDKROOT = iphoneos;
				VALIDATE_PRODUCT = YES;
			};
			name = Release;
		};
		FB30F28F1E2DE65D0091AFBA /* Debug */ = {
			isa = XCBuildConfiguration;
			buildSettings = {
				ASSETCATALOG_COMPILER_APPICON_NAME = AppIcon;
				DEVELOPMENT_TEAM = QXL582XFUQ;
				INFOPLIST_FILE = DHNetRequestTool/Info.plist;
				LD_RUNPATH_SEARCH_PATHS = "$(inherited) @executable_path/Frameworks";
				PRODUCT_BUNDLE_IDENTIFIER = com.dahai.hu.DHNetRequestTool;
				PRODUCT_NAME = "$(TARGET_NAME)";
			};
			name = Debug;
		};
		FB30F2901E2DE65D0091AFBA /* Release */ = {
			isa = XCBuildConfiguration;
			buildSettings = {
				ASSETCATALOG_COMPILER_APPICON_NAME = AppIcon;
				DEVELOPMENT_TEAM = QXL582XFUQ;
				INFOPLIST_FILE = DHNetRequestTool/Info.plist;
				LD_RUNPATH_SEARCH_PATHS = "$(inherited) @executable_path/Frameworks";
				PRODUCT_BUNDLE_IDENTIFIER = com.dahai.hu.DHNetRequestTool;
				PRODUCT_NAME = "$(TARGET_NAME)";
			};
			name = Release;
		};
		FB30F2921E2DE65D0091AFBA /* Debug */ = {
			isa = XCBuildConfiguration;
			buildSettings = {
				BUNDLE_LOADER = "$(TEST_HOST)";
				DEVELOPMENT_TEAM = QXL582XFUQ;
				INFOPLIST_FILE = DHNetRequestToolTests/Info.plist;
				LD_RUNPATH_SEARCH_PATHS = "$(inherited) @executable_path/Frameworks @loader_path/Frameworks";
				PRODUCT_BUNDLE_IDENTIFIER = com.dahai.hu.DHNetRequestToolTests;
				PRODUCT_NAME = "$(TARGET_NAME)";
				TEST_HOST = "$(BUILT_PRODUCTS_DIR)/DHNetRequestTool.app/DHNetRequestTool";
			};
			name = Debug;
		};
		FB30F2931E2DE65D0091AFBA /* Release */ = {
			isa = XCBuildConfiguration;
			buildSettings = {
				BUNDLE_LOADER = "$(TEST_HOST)";
				DEVELOPMENT_TEAM = QXL582XFUQ;
				INFOPLIST_FILE = DHNetRequestToolTests/Info.plist;
				LD_RUNPATH_SEARCH_PATHS = "$(inherited) @executable_path/Frameworks @loader_path/Frameworks";
				PRODUCT_BUNDLE_IDENTIFIER = com.dahai.hu.DHNetRequestToolTests;
				PRODUCT_NAME = "$(TARGET_NAME)";
				TEST_HOST = "$(BUILT_PRODUCTS_DIR)/DHNetRequestTool.app/DHNetRequestTool";
			};
			name = Release;
		};
		FB30F2951E2DE65D0091AFBA /* Debug */ = {
			isa = XCBuildConfiguration;
			buildSettings = {
				DEVELOPMENT_TEAM = QXL582XFUQ;
				INFOPLIST_FILE = DHNetRequestToolUITests/Info.plist;
				LD_RUNPATH_SEARCH_PATHS = "$(inherited) @executable_path/Frameworks @loader_path/Frameworks";
				PRODUCT_BUNDLE_IDENTIFIER = com.dahai.hu.DHNetRequestToolUITests;
				PRODUCT_NAME = "$(TARGET_NAME)";
				TEST_TARGET_NAME = DHNetRequestTool;
			};
			name = Debug;
		};
		FB30F2961E2DE65D0091AFBA /* Release */ = {
			isa = XCBuildConfiguration;
			buildSettings = {
				DEVELOPMENT_TEAM = QXL582XFUQ;
				INFOPLIST_FILE = DHNetRequestToolUITests/Info.plist;
				LD_RUNPATH_SEARCH_PATHS = "$(inherited) @executable_path/Frameworks @loader_path/Frameworks";
				PRODUCT_BUNDLE_IDENTIFIER = com.dahai.hu.DHNetRequestToolUITests;
				PRODUCT_NAME = "$(TARGET_NAME)";
				TEST_TARGET_NAME = DHNetRequestTool;
			};
			name = Release;
		};
/* End XCBuildConfiguration section */

/* Begin XCConfigurationList section */
		FB30F25C1E2DE65D0091AFBA /* Build configuration list for PBXProject "DHNetRequestTool" */ = {
			isa = XCConfigurationList;
			buildConfigurations = (
				FB30F28C1E2DE65D0091AFBA /* Debug */,
				FB30F28D1E2DE65D0091AFBA /* Release */,
			);
			defaultConfigurationIsVisible = 0;
			defaultConfigurationName = Release;
		};
		FB30F28E1E2DE65D0091AFBA /* Build configuration list for PBXNativeTarget "DHNetRequestTool" */ = {
			isa = XCConfigurationList;
			buildConfigurations = (
				FB30F28F1E2DE65D0091AFBA /* Debug */,
				FB30F2901E2DE65D0091AFBA /* Release */,
			);
			defaultConfigurationIsVisible = 0;
		};
		FB30F2911E2DE65D0091AFBA /* Build configuration list for PBXNativeTarget "DHNetRequestToolTests" */ = {
			isa = XCConfigurationList;
			buildConfigurations = (
				FB30F2921E2DE65D0091AFBA /* Debug */,
				FB30F2931E2DE65D0091AFBA /* Release */,
			);
			defaultConfigurationIsVisible = 0;
		};
		FB30F2941E2DE65D0091AFBA /* Build configuration list for PBXNativeTarget "DHNetRequestToolUITests" */ = {
			isa = XCConfigurationList;
			buildConfigurations = (
				FB30F2951E2DE65D0091AFBA /* Debug */,
				FB30F2961E2DE65D0091AFBA /* Release */,
			);
			defaultConfigurationIsVisible = 0;
		};
/* End XCConfigurationList section */
	};
	rootObject = FB30F2591E2DE65D0091AFBA /* Project object */;
}
