// !$*UTF8*$!
{
	archiveVersion = 1;
	classes = {
	};
	objectVersion = 46;
	objects = {

/* Begin PBXBuildFile section */
		FB81B3BA1D0282F900068E43 /* FJRMediator+FJRMediatorModuleAActions.m in Sources */ = {isa = PBXBuildFile; fileRef = FB81B3B91D0282F900068E43 /* FJRMediator+FJRMediatorModuleAActions.m */; };
		FB81B3C31D028AAE00068E43 /* Target_A.m in Sources */ = {isa = PBXBuildFile; fileRef = FB81B3C21D028AAE00068E43 /* Target_A.m */; };
		FB81B3C91D028B2800068E43 /* FJRModuleADetailViewController.m in Sources */ = {isa = PBXBuildFile; fileRef = FB81B3C81D028B2800068E43 /* FJRModuleADetailViewController.m */; };
		FBB74A761D02803900FF5908 /* main.m in Sources */ = {isa = PBXBuildFile; fileRef = FBB74A751D02803900FF5908 /* main.m */; };
		FBB74A791D02803900FF5908 /* AppDelegate.m in Sources */ = {isa = PBXBuildFile; fileRef = FBB74A781D02803900FF5908 /* AppDelegate.m */; };
		FBB74A7C1D02803900FF5908 /* ViewController.m in Sources */ = {isa = PBXBuildFile; fileRef = FBB74A7B1D02803900FF5908 /* ViewController.m */; };
		FBB74A7F1D02803900FF5908 /* Main.storyboard in Resources */ = {isa = PBXBuildFile; fileRef = FBB74A7D1D02803900FF5908 /* Main.storyboard */; };
		FBB74A811D02803900FF5908 /* Assets.xcassets in Resources */ = {isa = PBXBuildFile; fileRef = FBB74A801D02803900FF5908 /* Assets.xcassets */; };
		FBB74A841D02803900FF5908 /* LaunchScreen.storyboard in Resources */ = {isa = PBXBuildFile; fileRef = FBB74A821D02803900FF5908 /* LaunchScreen.storyboard */; };
		FBB74A8F1D02803900FF5908 /* FJRMediatorTests.m in Sources */ = {isa = PBXBuildFile; fileRef = FBB74A8E1D02803900FF5908 /* FJRMediatorTests.m */; };
		FBB74A9A1D02803900FF5908 /* FJRMediatorUITests.m in Sources */ = {isa = PBXBuildFile; fileRef = FBB74A991D02803900FF5908 /* FJRMediatorUITests.m */; };
		FBB74AAB1D02809300FF5908 /* FJRMediator.m in Sources */ = {isa = PBXBuildFile; fileRef = FBB74AAA1D02809300FF5908 /* FJRMediator.m */; };
/* End PBXBuildFile section */

/* Begin PBXContainerItemProxy section */
		FBB74A8B1D02803900FF5908 /* PBXContainerItemProxy */ = {
			isa = PBXContainerItemProxy;
			containerPortal = FBB74A691D02803900FF5908 /* Project object */;
			proxyType = 1;
			remoteGlobalIDString = FBB74A701D02803900FF5908;
			remoteInfo = FJRMediator;
		};
		FBB74A961D02803900FF5908 /* PBXContainerItemProxy */ = {
			isa = PBXContainerItemProxy;
			containerPortal = FBB74A691D02803900FF5908 /* Project object */;
			proxyType = 1;
			remoteGlobalIDString = FBB74A701D02803900FF5908;
			remoteInfo = FJRMediator;
		};
/* End PBXContainerItemProxy section */

/* Begin PBXFileReference section */
		FB81B3B81D0282F900068E43 /* FJRMediator+FJRMediatorModuleAActions.h */ = {isa = PBXFileReference; fileEncoding = 4; lastKnownFileType = sourcecode.c.h; path = "FJRMediator+FJRMediatorModuleAActions.h"; sourceTree = "<group>"; };
		FB81B3B91D0282F900068E43 /* FJRMediator+FJRMediatorModuleAActions.m */ = {isa = PBXFileReference; fileEncoding = 4; lastKnownFileType = sourcecode.c.objc; path = "FJRMediator+FJRMediatorModuleAActions.m"; sourceTree = "<group>"; };
		FB81B3C11D028AAE00068E43 /* Target_A.h */ = {isa = PBXFileReference; fileEncoding = 4; lastKnownFileType = sourcecode.c.h; path = Target_A.h; sourceTree = "<group>"; };
		FB81B3C21D028AAE00068E43 /* Target_A.m */ = {isa = PBXFileReference; fileEncoding = 4; lastKnownFileType = sourcecode.c.objc; path = Target_A.m; sourceTree = "<group>"; };
		FB81B3C71D028B2800068E43 /* FJRModuleADetailViewController.h */ = {isa = PBXFileReference; fileEncoding = 4; lastKnownFileType = sourcecode.c.h; path = FJRModuleADetailViewController.h; sourceTree = "<group>"; };
		FB81B3C81D028B2800068E43 /* FJRModuleADetailViewController.m */ = {isa = PBXFileReference; fileEncoding = 4; lastKnownFileType = sourcecode.c.objc; path = FJRModuleADetailViewController.m; sourceTree = "<group>"; };
		FBB74A711D02803900FF5908 /* FJRMediator.app */ = {isa = PBXFileReference; explicitFileType = wrapper.application; includeInIndex = 0; path = FJRMediator.app; sourceTree = BUILT_PRODUCTS_DIR; };
		FBB74A751D02803900FF5908 /* main.m */ = {isa = PBXFileReference; lastKnownFileType = sourcecode.c.objc; path = main.m; sourceTree = "<group>"; };
		FBB74A771D02803900FF5908 /* AppDelegate.h */ = {isa = PBXFileReference; lastKnownFileType = sourcecode.c.h; name = AppDelegate.h; path = ../AppDelegate.h; sourceTree = "<group>"; };
		FBB74A781D02803900FF5908 /* AppDelegate.m */ = {isa = PBXFileReference; lastKnownFileType = sourcecode.c.objc; name = AppDelegate.m; path = ../AppDelegate.m; sourceTree = "<group>"; };
		FBB74A7A1D02803900FF5908 /* ViewController.h */ = {isa = PBXFileReference; lastKnownFileType = sourcecode.c.h; name = ViewController.h; path = ../ViewController.h; sourceTree = "<group>"; };
		FBB74A7B1D02803900FF5908 /* ViewController.m */ = {isa = PBXFileReference; lastKnownFileType = sourcecode.c.objc; name = ViewController.m; path = ../ViewController.m; sourceTree = "<group>"; };
		FBB74A7E1D02803900FF5908 /* Base */ = {isa = PBXFileReference; lastKnownFileType = file.storyboard; name = Base; path = Base.lproj/Main.storyboard; sourceTree = "<group>"; };
		FBB74A801D02803900FF5908 /* Assets.xcassets */ = {isa = PBXFileReference; lastKnownFileType = folder.assetcatalog; name = Assets.xcassets; path = ../Assets.xcassets; sourceTree = "<group>"; };
		FBB74A831D02803900FF5908 /* Base */ = {isa = PBXFileReference; lastKnownFileType = file.storyboard; name = Base; path = Base.lproj/LaunchScreen.storyboard; sourceTree = "<group>"; };
		FBB74A851D02803900FF5908 /* Info.plist */ = {isa = PBXFileReference; lastKnownFileType = text.plist.xml; name = Info.plist; path = ../Info.plist; sourceTree = "<group>"; };
		FBB74A8A1D02803900FF5908 /* FJRMediatorTests.xctest */ = {isa = PBXFileReference; explicitFileType = wrapper.cfbundle; includeInIndex = 0; path = FJRMediatorTests.xctest; sourceTree = BUILT_PRODUCTS_DIR; };
		FBB74A8E1D02803900FF5908 /* FJRMediatorTests.m */ = {isa = PBXFileReference; lastKnownFileType = sourcecode.c.objc; path = FJRMediatorTests.m; sourceTree = "<group>"; };
		FBB74A901D02803900FF5908 /* Info.plist */ = {isa = PBXFileReference; lastKnownFileType = text.plist.xml; path = Info.plist; sourceTree = "<group>"; };
		FBB74A951D02803900FF5908 /* FJRMediatorUITests.xctest */ = {isa = PBXFileReference; explicitFileType = wrapper.cfbundle; includeInIndex = 0; path = FJRMediatorUITests.xctest; sourceTree = BUILT_PRODUCTS_DIR; };
		FBB74A991D02803900FF5908 /* FJRMediatorUITests.m */ = {isa = PBXFileReference; lastKnownFileType = sourcecode.c.objc; path = FJRMediatorUITests.m; sourceTree = "<group>"; };
		FBB74A9B1D02803900FF5908 /* Info.plist */ = {isa = PBXFileReference; lastKnownFileType = text.plist.xml; path = Info.plist; sourceTree = "<group>"; };
		FBB74AA91D02809300FF5908 /* FJRMediator.h */ = {isa = PBXFileReference; fileEncoding = 4; lastKnownFileType = sourcecode.c.h; path = FJRMediator.h; sourceTree = "<group>"; };
		FBB74AAA1D02809300FF5908 /* FJRMediator.m */ = {isa = PBXFileReference; fileEncoding = 4; lastKnownFileType = sourcecode.c.objc; path = FJRMediator.m; sourceTree = "<group>"; };
/* End PBXFileReference section */

/* Begin PBXFrameworksBuildPhase section */
		FBB74A6E1D02803900FF5908 /* Frameworks */ = {
			isa = PBXFrameworksBuildPhase;
			buildActionMask = 2147483647;
			files = (
			);
			runOnlyForDeploymentPostprocessing = 0;
		};
		FBB74A871D02803900FF5908 /* Frameworks */ = {
			isa = PBXFrameworksBuildPhase;
			buildActionMask = 2147483647;
			files = (
			);
			runOnlyForDeploymentPostprocessing = 0;
		};
		FBB74A921D02803900FF5908 /* Frameworks */ = {
			isa = PBXFrameworksBuildPhase;
			buildActionMask = 2147483647;
			files = (
			);
			runOnlyForDeploymentPostprocessing = 0;
		};
/* End PBXFrameworksBuildPhase section */

/* Begin PBXGroup section */
		FB81B3BB1D0287CF00068E43 /* FJRModules */ = {
			isa = PBXGroup;
			children = (
				FB81B3BC1D0287E300068E43 /* FJRModuleA */,
			);
			path = FJRModules;
			sourceTree = "<group>";
		};
		FB81B3BC1D0287E300068E43 /* FJRModuleA */ = {
			isa = PBXGroup;
			children = (
				FB81B3C01D028A8000068E43 /* Actions */,
				FB81B3C71D028B2800068E43 /* FJRModuleADetailViewController.h */,
				FB81B3C81D028B2800068E43 /* FJRModuleADetailViewController.m */,
			);
			path = FJRModuleA;
			sourceTree = "<group>";
		};
		FB81B3C01D028A8000068E43 /* Actions */ = {
			isa = PBXGroup;
			children = (
				FB81B3C11D028AAE00068E43 /* Target_A.h */,
				FB81B3C21D028AAE00068E43 /* Target_A.m */,
			);
			path = Actions;
			sourceTree = "<group>";
		};
		FBB74A681D02803900FF5908 = {
			isa = PBXGroup;
			children = (
				FBB74A731D02803900FF5908 /* FJRMediator */,
				FBB74A8D1D02803900FF5908 /* FJRMediatorTests */,
				FBB74A981D02803900FF5908 /* FJRMediatorUITests */,
				FBB74A721D02803900FF5908 /* Products */,
			);
			sourceTree = "<group>";
		};
		FBB74A721D02803900FF5908 /* Products */ = {
			isa = PBXGroup;
			children = (
				FBB74A711D02803900FF5908 /* FJRMediator.app */,
				FBB74A8A1D02803900FF5908 /* FJRMediatorTests.xctest */,
				FBB74A951D02803900FF5908 /* FJRMediatorUITests.xctest */,
			);
			name = Products;
			sourceTree = "<group>";
		};
		FBB74A731D02803900FF5908 /* FJRMediator */ = {
			isa = PBXGroup;
			children = (
				FBB74AA81D02808600FF5908 /* FJRMediator */,
				FB81B3BB1D0287CF00068E43 /* FJRModules */,
				FBB74AA71D02804E00FF5908 /* Other */,
				FBB74A741D02803900FF5908 /* Supporting Files */,
			);
			path = FJRMediator;
			sourceTree = "<group>";
		};
		FBB74A741D02803900FF5908 /* Supporting Files */ = {
			isa = PBXGroup;
			children = (
				FBB74A751D02803900FF5908 /* main.m */,
			);
			name = "Supporting Files";
			sourceTree = "<group>";
		};
		FBB74A8D1D02803900FF5908 /* FJRMediatorTests */ = {
			isa = PBXGroup;
			children = (
				FBB74A8E1D02803900FF5908 /* FJRMediatorTests.m */,
				FBB74A901D02803900FF5908 /* Info.plist */,
			);
			path = FJRMediatorTests;
			sourceTree = "<group>";
		};
		FBB74A981D02803900FF5908 /* FJRMediatorUITests */ = {
			isa = PBXGroup;
			children = (
				FBB74A991D02803900FF5908 /* FJRMediatorUITests.m */,
				FBB74A9B1D02803900FF5908 /* Info.plist */,
			);
			path = FJRMediatorUITests;
			sourceTree = "<group>";
		};
		FBB74AA71D02804E00FF5908 /* Other */ = {
			isa = PBXGroup;
			children = (
				FBB74A771D02803900FF5908 /* AppDelegate.h */,
				FBB74A781D02803900FF5908 /* AppDelegate.m */,
				FBB74A7A1D02803900FF5908 /* ViewController.h */,
				FBB74A7B1D02803900FF5908 /* ViewController.m */,
				FBB74A7D1D02803900FF5908 /* Main.storyboard */,
				FBB74A801D02803900FF5908 /* Assets.xcassets */,
				FBB74A821D02803900FF5908 /* LaunchScreen.storyboard */,
				FBB74A851D02803900FF5908 /* Info.plist */,
			);
			path = Other;
			sourceTree = "<group>";
		};
		FBB74AA81D02808600FF5908 /* FJRMediator */ = {
			isa = PBXGroup;
			children = (
				FBB74AA91D02809300FF5908 /* FJRMediator.h */,
				FBB74AAA1D02809300FF5908 /* FJRMediator.m */,
				FBB74AAC1D02813000FF5908 /* MediatorCategorys */,
			);
			path = FJRMediator;
			sourceTree = "<group>";
		};
		FBB74AAC1D02813000FF5908 /* MediatorCategorys */ = {
			isa = PBXGroup;
			children = (
				FB81B3B81D0282F900068E43 /* FJRMediator+FJRMediatorModuleAActions.h */,
				FB81B3B91D0282F900068E43 /* FJRMediator+FJRMediatorModuleAActions.m */,
			);
			path = MediatorCategorys;
			sourceTree = "<group>";
		};
/* End PBXGroup section */

/* Begin PBXNativeTarget section */
		FBB74A701D02803900FF5908 /* FJRMediator */ = {
			isa = PBXNativeTarget;
			buildConfigurationList = FBB74A9E1D02803900FF5908 /* Build configuration list for PBXNativeTarget "FJRMediator" */;
			buildPhases = (
				FBB74A6D1D02803900FF5908 /* Sources */,
				FBB74A6E1D02803900FF5908 /* Frameworks */,
				FBB74A6F1D02803900FF5908 /* Resources */,
			);
			buildRules = (
			);
			dependencies = (
			);
			name = FJRMediator;
			productName = FJRMediator;
			productReference = FBB74A711D02803900FF5908 /* FJRMediator.app */;
			productType = "com.apple.product-type.application";
		};
		FBB74A891D02803900FF5908 /* FJRMediatorTests */ = {
			isa = PBXNativeTarget;
			buildConfigurationList = FBB74AA11D02803900FF5908 /* Build configuration list for PBXNativeTarget "FJRMediatorTests" */;
			buildPhases = (
				FBB74A861D02803900FF5908 /* Sources */,
				FBB74A871D02803900FF5908 /* Frameworks */,
				FBB74A881D02803900FF5908 /* Resources */,
			);
			buildRules = (
			);
			dependencies = (
				FBB74A8C1D02803900FF5908 /* PBXTargetDependency */,
			);
			name = FJRMediatorTests;
			productName = FJRMediatorTests;
			productReference = FBB74A8A1D02803900FF5908 /* FJRMediatorTests.xctest */;
			productType = "com.apple.product-type.bundle.unit-test";
		};
		FBB74A941D02803900FF5908 /* FJRMediatorUITests */ = {
			isa = PBXNativeTarget;
			buildConfigurationList = FBB74AA41D02803900FF5908 /* Build configuration list for PBXNativeTarget "FJRMediatorUITests" */;
			buildPhases = (
				FBB74A911D02803900FF5908 /* Sources */,
				FBB74A921D02803900FF5908 /* Frameworks */,
				FBB74A931D02803900FF5908 /* Resources */,
			);
			buildRules = (
			);
			dependencies = (
				FBB74A971D02803900FF5908 /* PBXTargetDependency */,
			);
			name = FJRMediatorUITests;
			productName = FJRMediatorUITests;
			productReference = FBB74A951D02803900FF5908 /* FJRMediatorUITests.xctest */;
			productType = "com.apple.product-type.bundle.ui-testing";
		};
/* End PBXNativeTarget section */

/* Begin PBXProject section */
		FBB74A691D02803900FF5908 /* Project object */ = {
			isa = PBXProject;
			attributes = {
				CLASSPREFIX = FJR;
				LastUpgradeCheck = 0730;
				ORGANIZATIONNAME = "胡大海";
				TargetAttributes = {
					FBB74A701D02803900FF5908 = {
						CreatedOnToolsVersion = 7.3;
					};
					FBB74A891D02803900FF5908 = {
						CreatedOnToolsVersion = 7.3;
						TestTargetID = FBB74A701D02803900FF5908;
					};
					FBB74A941D02803900FF5908 = {
						CreatedOnToolsVersion = 7.3;
						TestTargetID = FBB74A701D02803900FF5908;
					};
				};
			};
			buildConfigurationList = FBB74A6C1D02803900FF5908 /* Build configuration list for PBXProject "FJRMediator" */;
			compatibilityVersion = "Xcode 3.2";
			developmentRegion = English;
			hasScannedForEncodings = 0;
			knownRegions = (
				en,
				Base,
			);
			mainGroup = FBB74A681D02803900FF5908;
			productRefGroup = FBB74A721D02803900FF5908 /* Products */;
			projectDirPath = "";
			projectRoot = "";
			targets = (
				FBB74A701D02803900FF5908 /* FJRMediator */,
				FBB74A891D02803900FF5908 /* FJRMediatorTests */,
				FBB74A941D02803900FF5908 /* FJRMediatorUITests */,
			);
		};
/* End PBXProject section */

/* Begin PBXResourcesBuildPhase section */
		FBB74A6F1D02803900FF5908 /* Resources */ = {
			isa = PBXResourcesBuildPhase;
			buildActionMask = 2147483647;
			files = (
				FBB74A841D02803900FF5908 /* LaunchScreen.storyboard in Resources */,
				FBB74A811D02803900FF5908 /* Assets.xcassets in Resources */,
				FBB74A7F1D02803900FF5908 /* Main.storyboard in Resources */,
			);
			runOnlyForDeploymentPostprocessing = 0;
		};
		FBB74A881D02803900FF5908 /* Resources */ = {
			isa = PBXResourcesBuildPhase;
			buildActionMask = 2147483647;
			files = (
			);
			runOnlyForDeploymentPostprocessing = 0;
		};
		FBB74A931D02803900FF5908 /* Resources */ = {
			isa = PBXResourcesBuildPhase;
			buildActionMask = 2147483647;
			files = (
			);
			runOnlyForDeploymentPostprocessing = 0;
		};
/* End PBXResourcesBuildPhase section */

/* Begin PBXSourcesBuildPhase section */
		FBB74A6D1D02803900FF5908 /* Sources */ = {
			isa = PBXSourcesBuildPhase;
			buildActionMask = 2147483647;
			files = (
				FBB74A7C1D02803900FF5908 /* ViewController.m in Sources */,
				FBB74A791D02803900FF5908 /* AppDelegate.m in Sources */,
				FB81B3C91D028B2800068E43 /* FJRModuleADetailViewController.m in Sources */,
				FBB74A761D02803900FF5908 /* main.m in Sources */,
				FBB74AAB1D02809300FF5908 /* FJRMediator.m in Sources */,
				FB81B3C31D028AAE00068E43 /* Target_A.m in Sources */,
				FB81B3BA1D0282F900068E43 /* FJRMediator+FJRMediatorModuleAActions.m in Sources */,
			);
			runOnlyForDeploymentPostprocessing = 0;
		};
		FBB74A861D02803900FF5908 /* Sources */ = {
			isa = PBXSourcesBuildPhase;
			buildActionMask = 2147483647;
			files = (
				FBB74A8F1D02803900FF5908 /* FJRMediatorTests.m in Sources */,
			);
			runOnlyForDeploymentPostprocessing = 0;
		};
		FBB74A911D02803900FF5908 /* Sources */ = {
			isa = PBXSourcesBuildPhase;
			buildActionMask = 2147483647;
			files = (
				FBB74A9A1D02803900FF5908 /* FJRMediatorUITests.m in Sources */,
			);
			runOnlyForDeploymentPostprocessing = 0;
		};
/* End PBXSourcesBuildPhase section */

/* Begin PBXTargetDependency section */
		FBB74A8C1D02803900FF5908 /* PBXTargetDependency */ = {
			isa = PBXTargetDependency;
			target = FBB74A701D02803900FF5908 /* FJRMediator */;
			targetProxy = FBB74A8B1D02803900FF5908 /* PBXContainerItemProxy */;
		};
		FBB74A971D02803900FF5908 /* PBXTargetDependency */ = {
			isa = PBXTargetDependency;
			target = FBB74A701D02803900FF5908 /* FJRMediator */;
			targetProxy = FBB74A961D02803900FF5908 /* PBXContainerItemProxy */;
		};
/* End PBXTargetDependency section */

/* Begin PBXVariantGroup section */
		FBB74A7D1D02803900FF5908 /* Main.storyboard */ = {
			isa = PBXVariantGroup;
			children = (
				FBB74A7E1D02803900FF5908 /* Base */,
			);
			name = Main.storyboard;
			path = ..;
			sourceTree = "<group>";
		};
		FBB74A821D02803900FF5908 /* LaunchScreen.storyboard */ = {
			isa = PBXVariantGroup;
			children = (
				FBB74A831D02803900FF5908 /* Base */,
			);
			name = LaunchScreen.storyboard;
			path = ..;
			sourceTree = "<group>";
		};
/* End PBXVariantGroup section */

/* Begin XCBuildConfiguration section */
		FBB74A9C1D02803900FF5908 /* Debug */ = {
			isa = XCBuildConfiguration;
			buildSettings = {
				ALWAYS_SEARCH_USER_PATHS = NO;
				CLANG_ANALYZER_NONNULL = YES;
				CLANG_CXX_LANGUAGE_STANDARD = "gnu++0x";
				CLANG_CXX_LIBRARY = "libc++";
				CLANG_ENABLE_MODULES = YES;
				CLANG_ENABLE_OBJC_ARC = YES;
				CLANG_WARN_BOOL_CONVERSION = YES;
				CLANG_WARN_CONSTANT_CONVERSION = YES;
				CLANG_WARN_DIRECT_OBJC_ISA_USAGE = YES_ERROR;
				CLANG_WARN_EMPTY_BODY = YES;
				CLANG_WARN_ENUM_CONVERSION = YES;
				CLANG_WARN_INT_CONVERSION = YES;
				CLANG_WARN_OBJC_ROOT_CLASS = YES_ERROR;
				CLANG_WARN_UNREACHABLE_CODE = YES;
				CLANG_WARN__DUPLICATE_METHOD_MATCH = YES;
				"CODE_SIGN_IDENTITY[sdk=iphoneos*]" = "iPhone Developer";
				COPY_PHASE_STRIP = NO;
				DEBUG_INFORMATION_FORMAT = dwarf;
				ENABLE_STRICT_OBJC_MSGSEND = YES;
				ENABLE_TESTABILITY = YES;
				GCC_C_LANGUAGE_STANDARD = gnu99;
				GCC_DYNAMIC_NO_PIC = NO;
				GCC_NO_COMMON_BLOCKS = YES;
				GCC_OPTIMIZATION_LEVEL = 0;
				GCC_PREPROCESSOR_DEFINITIONS = (
					"DEBUG=1",
					"$(inherited)",
				);
				GCC_WARN_64_TO_32_BIT_CONVERSION = YES;
				GCC_WARN_ABOUT_RETURN_TYPE = YES_ERROR;
				GCC_WARN_UNDECLARED_SELECTOR = YES;
				GCC_WARN_UNINITIALIZED_AUTOS = YES_AGGRESSIVE;
				GCC_WARN_UNUSED_FUNCTION = YES;
				GCC_WARN_UNUSED_VARIABLE = YES;
				IPHONEOS_DEPLOYMENT_TARGET = 9.3;
				MTL_ENABLE_DEBUG_INFO = YES;
				ONLY_ACTIVE_ARCH = YES;
				SDKROOT = iphoneos;
				TARGETED_DEVICE_FAMILY = "1,2";
			};
			name = Debug;
		};
		FBB74A9D1D02803900FF5908 /* Release */ = {
			isa = XCBuildConfiguration;
			buildSettings = {
				ALWAYS_SEARCH_USER_PATHS = NO;
				CLANG_ANALYZER_NONNULL = YES;
				CLANG_CXX_LANGUAGE_STANDARD = "gnu++0x";
				CLANG_CXX_LIBRARY = "libc++";
				CLANG_ENABLE_MODULES = YES;
				CLANG_ENABLE_OBJC_ARC = YES;
				CLANG_WARN_BOOL_CONVERSION = YES;
				CLANG_WARN_CONSTANT_CONVERSION = YES;
				CLANG_WARN_DIRECT_OBJC_ISA_USAGE = YES_ERROR;
				CLANG_WARN_EMPTY_BODY = YES;
				CLANG_WARN_ENUM_CONVERSION = YES;
				CLANG_WARN_INT_CONVERSION = YES;
				CLANG_WARN_OBJC_ROOT_CLASS = YES_ERROR;
				CLANG_WARN_UNREACHABLE_CODE = YES;
				CLANG_WARN__DUPLICATE_METHOD_MATCH = YES;
				"CODE_SIGN_IDENTITY[sdk=iphoneos*]" = "iPhone Developer";
				COPY_PHASE_STRIP = NO;
				DEBUG_INFORMATION_FORMAT = "dwarf-with-dsym";
				ENABLE_NS_ASSERTIONS = NO;
				ENABLE_STRICT_OBJC_MSGSEND = YES;
				GCC_C_LANGUAGE_STANDARD = gnu99;
				GCC_NO_COMMON_BLOCKS = YES;
				GCC_WARN_64_TO_32_BIT_CONVERSION = YES;
				GCC_WARN_ABOUT_RETURN_TYPE = YES_ERROR;
				GCC_WARN_UNDECLARED_SELECTOR = YES;
				GCC_WARN_UNINITIALIZED_AUTOS = YES_AGGRESSIVE;
				GCC_WARN_UNUSED_FUNCTION = YES;
				GCC_WARN_UNUSED_VARIABLE = YES;
				IPHONEOS_DEPLOYMENT_TARGET = 9.3;
				MTL_ENABLE_DEBUG_INFO = NO;
				SDKROOT = iphoneos;
				TARGETED_DEVICE_FAMILY = "1,2";
				VALIDATE_PRODUCT = YES;
			};
			name = Release;
		};
		FBB74A9F1D02803900FF5908 /* Debug */ = {
			isa = XCBuildConfiguration;
			buildSettings = {
				ASSETCATALOG_COMPILER_APPICON_NAME = AppIcon;
				INFOPLIST_FILE = FJRMediator/Info.plist;
				LD_RUNPATH_SEARCH_PATHS = "$(inherited) @executable_path/Frameworks";
				PRODUCT_BUNDLE_IDENTIFIER = com.fenggr.com.FJRMediator;
				PRODUCT_NAME = "$(TARGET_NAME)";
			};
			name = Debug;
		};
		FBB74AA01D02803900FF5908 /* Release */ = {
			isa = XCBuildConfiguration;
			buildSettings = {
				ASSETCATALOG_COMPILER_APPICON_NAME = AppIcon;
				INFOPLIST_FILE = FJRMediator/Info.plist;
				LD_RUNPATH_SEARCH_PATHS = "$(inherited) @executable_path/Frameworks";
				PRODUCT_BUNDLE_IDENTIFIER = com.fenggr.com.FJRMediator;
				PRODUCT_NAME = "$(TARGET_NAME)";
			};
			name = Release;
		};
		FBB74AA21D02803900FF5908 /* Debug */ = {
			isa = XCBuildConfiguration;
			buildSettings = {
				BUNDLE_LOADER = "$(TEST_HOST)";
				INFOPLIST_FILE = FJRMediatorTests/Info.plist;
				LD_RUNPATH_SEARCH_PATHS = "$(inherited) @executable_path/Frameworks @loader_path/Frameworks";
				PRODUCT_BUNDLE_IDENTIFIER = com.fenggr.com.FJRMediatorTests;
				PRODUCT_NAME = "$(TARGET_NAME)";
				TEST_HOST = "$(BUILT_PRODUCTS_DIR)/FJRMediator.app/FJRMediator";
			};
			name = Debug;
		};
		FBB74AA31D02803900FF5908 /* Release */ = {
			isa = XCBuildConfiguration;
			buildSettings = {
				BUNDLE_LOADER = "$(TEST_HOST)";
				INFOPLIST_FILE = FJRMediatorTests/Info.plist;
				LD_RUNPATH_SEARCH_PATHS = "$(inherited) @executable_path/Frameworks @loader_path/Frameworks";
				PRODUCT_BUNDLE_IDENTIFIER = com.fenggr.com.FJRMediatorTests;
				PRODUCT_NAME = "$(TARGET_NAME)";
				TEST_HOST = "$(BUILT_PRODUCTS_DIR)/FJRMediator.app/FJRMediator";
			};
			name = Release;
		};
		FBB74AA51D02803900FF5908 /* Debug */ = {
			isa = XCBuildConfiguration;
			buildSettings = {
				INFOPLIST_FILE = FJRMediatorUITests/Info.plist;
				LD_RUNPATH_SEARCH_PATHS = "$(inherited) @executable_path/Frameworks @loader_path/Frameworks";
				PRODUCT_BUNDLE_IDENTIFIER = com.fenggr.com.FJRMediatorUITests;
				PRODUCT_NAME = "$(TARGET_NAME)";
				TEST_TARGET_NAME = FJRMediator;
			};
			name = Debug;
		};
		FBB74AA61D02803900FF5908 /* Release */ = {
			isa = XCBuildConfiguration;
			buildSettings = {
				INFOPLIST_FILE = FJRMediatorUITests/Info.plist;
				LD_RUNPATH_SEARCH_PATHS = "$(inherited) @executable_path/Frameworks @loader_path/Frameworks";
				PRODUCT_BUNDLE_IDENTIFIER = com.fenggr.com.FJRMediatorUITests;
				PRODUCT_NAME = "$(TARGET_NAME)";
				TEST_TARGET_NAME = FJRMediator;
			};
			name = Release;
		};
/* End XCBuildConfiguration section */

/* Begin XCConfigurationList section */
		FBB74A6C1D02803900FF5908 /* Build configuration list for PBXProject "FJRMediator" */ = {
			isa = XCConfigurationList;
			buildConfigurations = (
				FBB74A9C1D02803900FF5908 /* Debug */,
				FBB74A9D1D02803900FF5908 /* Release */,
			);
			defaultConfigurationIsVisible = 0;
			defaultConfigurationName = Release;
		};
		FBB74A9E1D02803900FF5908 /* Build configuration list for PBXNativeTarget "FJRMediator" */ = {
			isa = XCConfigurationList;
			buildConfigurations = (
				FBB74A9F1D02803900FF5908 /* Debug */,
				FBB74AA01D02803900FF5908 /* Release */,
			);
			defaultConfigurationIsVisible = 0;
			defaultConfigurationName = Release;
		};
		FBB74AA11D02803900FF5908 /* Build configuration list for PBXNativeTarget "FJRMediatorTests" */ = {
			isa = XCConfigurationList;
			buildConfigurations = (
				FBB74AA21D02803900FF5908 /* Debug */,
				FBB74AA31D02803900FF5908 /* Release */,
			);
			defaultConfigurationIsVisible = 0;
			defaultConfigurationName = Release;
		};
		FBB74AA41D02803900FF5908 /* Build configuration list for PBXNativeTarget "FJRMediatorUITests" */ = {
			isa = XCConfigurationList;
			buildConfigurations = (
				FBB74AA51D02803900FF5908 /* Debug */,
				FBB74AA61D02803900FF5908 /* Release */,
			);
			defaultConfigurationIsVisible = 0;
			defaultConfigurationName = Release;
		};
/* End XCConfigurationList section */
	};
	rootObject = FBB74A691D02803900FF5908 /* Project object */;
}
