PODS:
  - AFNetworking (3.1.0):
    - AFNetworking/NSURLSession (= 3.1.0)
    - AFNetworking/Reachability (= 3.1.0)
    - AFNetworking/Security (= 3.1.0)
    - AFNetworking/Serialization (= 3.1.0)
    - AFNetworking/UIKit (= 3.1.0)
  - AFNetworking/NSURLSession (3.1.0):
    - AFNetworking/Reachability
    - AFNetworking/Security
    - AFNetworking/Serialization
  - AFNetworking/Reachability (3.1.0)
  - AFNetworking/Security (3.1.0)
  - AFNetworking/Serialization (3.1.0)
  - AFNetworking/UIKit (3.1.0):
    - AFNetworking/NSURLSession
  - IQKeyboardManager (3.3.7)
  - Mantle (2.0.5):
    - Mantle/extobjc (= 2.0.5)
  - Mantle/extobjc (2.0.5)
  - Masonry (0.6.2)
  - MBProgressHUD (0.9.1)
  - OHAttributedStringAdditions (1.3.0):
    - OHAttributedStringAdditions/Base (= 1.3.0)
    - OHAttributedStringAdditions/UILabel (= 1.3.0)
  - OHAttributedStringAdditions/Base (1.3.0)
  - OHAttributedStringAdditions/UILabel (1.3.0):
    - OHAttributedStringAdditions/Base
  - SDWebImage (3.7.3):
    - SDWebImage/Core (= 3.7.3)
  - SDWebImage/Core (3.7.3)
  - TTTAttributedLabel (1.13.4)
  - UITextView+Placeholder (1.1.0)

DEPENDENCIES:
  - AFNetworking (= 3.1.0)
  - IQKeyboardManager (= 3.3.7)
  - Mantle (= 2.0.5)
  - Masonry (= 0.6.2)
  - MBProgressHUD (= 0.9.1)
  - OHAttributedStringAdditions (= 1.3.0)
  - SDWebImage (= 3.7.3)
  - TTTAttributedLabel (= 1.13.4)
  - UITextView+Placeholder (= 1.1.0)

SPEC CHECKSUMS:
  AFNetworking: 5e0e199f73d8626b11e79750991f5d173d1f8b67
  IQKeyboardManager: 249c3946acf61345c18b038eb50863fe2793e3a8
  Mantle: 1912395033f601de5adc8ee91e48f46e4c7051ad
  Masonry: 362e8a1cc0beada4a4c4832d5e863da2a51533be
  MBProgressHUD: c47f2c166c126cf2ce36498d80f33e754d4e93ad
  OHAttributedStringAdditions: d810cff43f5dd0054df62de2e7bf472c9a2b9d3e
  SDWebImage: 1d2b1a1efda1ade1b00b6f8498865f8ddedc8a84
  TTTAttributedLabel: 0a2ac7b2dd726d32a070dafb01446026b11e624f
  UITextView+Placeholder: 672ce543356b5b5787f354415bc3b132d47f0362

PODFILE CHECKSUM: 17f705c9669b44285c65e4c698423586bf1948a7

COCOAPODS: 1.0.1
