// !$*UTF8*$!
{
	archiveVersion = 1;
	classes = {
	};
	objectVersion = 46;
	objects = {

/* Begin PBXBuildFile section */
		FB25D93B1D05565E0046B56B /* main.m in Sources */ = {isa = PBXBuildFile; fileRef = FB25D93A1D05565E0046B56B /* main.m */; };
		FB25D93E1D05565E0046B56B /* AppDelegate.m in Sources */ = {isa = PBXBuildFile; fileRef = FB25D93D1D05565E0046B56B /* AppDelegate.m */; };
		FB25D9461D05565E0046B56B /* Assets.xcassets in Resources */ = {isa = PBXBuildFile; fileRef = FB25D9451D05565E0046B56B /* Assets.xcassets */; };
		FB25D9491D05565E0046B56B /* LaunchScreen.storyboard in Resources */ = {isa = PBXBuildFile; fileRef = FB25D9471D05565E0046B56B /* LaunchScreen.storyboard */; };
		FB25D9541D05565E0046B56B /* AopSampleTests.m in Sources */ = {isa = PBXBuildFile; fileRef = FB25D9531D05565E0046B56B /* AopSampleTests.m */; };
		FB25D95F1D05565E0046B56B /* AopSampleUITests.m in Sources */ = {isa = PBXBuildFile; fileRef = FB25D95E1D05565E0046B56B /* AopSampleUITests.m */; };
		FB25D96E1D0556BD0046B56B /* TestAOPViewController.m in Sources */ = {isa = PBXBuildFile; fileRef = FB25D96D1D0556BD0046B56B /* TestAOPViewController.m */; };
		FB25D9711D0556E20046B56B /* Aspects.m in Sources */ = {isa = PBXBuildFile; fileRef = FB25D9701D0556E20046B56B /* Aspects.m */; };
/* End PBXBuildFile section */

/* Begin PBXContainerItemProxy section */
		FB25D9501D05565E0046B56B /* PBXContainerItemProxy */ = {
			isa = PBXContainerItemProxy;
			containerPortal = FB25D92E1D05565E0046B56B /* Project object */;
			proxyType = 1;
			remoteGlobalIDString = FB25D9351D05565E0046B56B;
			remoteInfo = AopSample;
		};
		FB25D95B1D05565E0046B56B /* PBXContainerItemProxy */ = {
			isa = PBXContainerItemProxy;
			containerPortal = FB25D92E1D05565E0046B56B /* Project object */;
			proxyType = 1;
			remoteGlobalIDString = FB25D9351D05565E0046B56B;
			remoteInfo = AopSample;
		};
/* End PBXContainerItemProxy section */

/* Begin PBXFileReference section */
		FB25D9361D05565E0046B56B /* AopSample.app */ = {isa = PBXFileReference; explicitFileType = wrapper.application; includeInIndex = 0; path = AopSample.app; sourceTree = BUILT_PRODUCTS_DIR; };
		FB25D93A1D05565E0046B56B /* main.m */ = {isa = PBXFileReference; lastKnownFileType = sourcecode.c.objc; path = main.m; sourceTree = "<group>"; };
		FB25D93C1D05565E0046B56B /* AppDelegate.h */ = {isa = PBXFileReference; lastKnownFileType = sourcecode.c.h; path = AppDelegate.h; sourceTree = "<group>"; };
		FB25D93D1D05565E0046B56B /* AppDelegate.m */ = {isa = PBXFileReference; lastKnownFileType = sourcecode.c.objc; path = AppDelegate.m; sourceTree = "<group>"; };
		FB25D9451D05565E0046B56B /* Assets.xcassets */ = {isa = PBXFileReference; lastKnownFileType = folder.assetcatalog; path = Assets.xcassets; sourceTree = "<group>"; };
		FB25D9481D05565E0046B56B /* Base */ = {isa = PBXFileReference; lastKnownFileType = file.storyboard; name = Base; path = Base.lproj/LaunchScreen.storyboard; sourceTree = "<group>"; };
		FB25D94A1D05565E0046B56B /* Info.plist */ = {isa = PBXFileReference; lastKnownFileType = text.plist.xml; path = Info.plist; sourceTree = "<group>"; };
		FB25D94F1D05565E0046B56B /* AopSampleTests.xctest */ = {isa = PBXFileReference; explicitFileType = wrapper.cfbundle; includeInIndex = 0; path = AopSampleTests.xctest; sourceTree = BUILT_PRODUCTS_DIR; };
		FB25D9531D05565E0046B56B /* AopSampleTests.m */ = {isa = PBXFileReference; lastKnownFileType = sourcecode.c.objc; path = AopSampleTests.m; sourceTree = "<group>"; };
		FB25D9551D05565E0046B56B /* Info.plist */ = {isa = PBXFileReference; lastKnownFileType = text.plist.xml; path = Info.plist; sourceTree = "<group>"; };
		FB25D95A1D05565E0046B56B /* AopSampleUITests.xctest */ = {isa = PBXFileReference; explicitFileType = wrapper.cfbundle; includeInIndex = 0; path = AopSampleUITests.xctest; sourceTree = BUILT_PRODUCTS_DIR; };
		FB25D95E1D05565E0046B56B /* AopSampleUITests.m */ = {isa = PBXFileReference; lastKnownFileType = sourcecode.c.objc; path = AopSampleUITests.m; sourceTree = "<group>"; };
		FB25D9601D05565E0046B56B /* Info.plist */ = {isa = PBXFileReference; lastKnownFileType = text.plist.xml; path = Info.plist; sourceTree = "<group>"; };
		FB25D96C1D0556BD0046B56B /* TestAOPViewController.h */ = {isa = PBXFileReference; fileEncoding = 4; lastKnownFileType = sourcecode.c.h; path = TestAOPViewController.h; sourceTree = "<group>"; };
		FB25D96D1D0556BD0046B56B /* TestAOPViewController.m */ = {isa = PBXFileReference; fileEncoding = 4; lastKnownFileType = sourcecode.c.objc; path = TestAOPViewController.m; sourceTree = "<group>"; };
		FB25D96F1D0556E20046B56B /* Aspects.h */ = {isa = PBXFileReference; fileEncoding = 4; lastKnownFileType = sourcecode.c.h; path = Aspects.h; sourceTree = "<group>"; };
		FB25D9701D0556E20046B56B /* Aspects.m */ = {isa = PBXFileReference; fileEncoding = 4; lastKnownFileType = sourcecode.c.objc; path = Aspects.m; sourceTree = "<group>"; };
/* End PBXFileReference section */

/* Begin PBXFrameworksBuildPhase section */
		FB25D9331D05565E0046B56B /* Frameworks */ = {
			isa = PBXFrameworksBuildPhase;
			buildActionMask = 2147483647;
			files = (
			);
			runOnlyForDeploymentPostprocessing = 0;
		};
		FB25D94C1D05565E0046B56B /* Frameworks */ = {
			isa = PBXFrameworksBuildPhase;
			buildActionMask = 2147483647;
			files = (
			);
			runOnlyForDeploymentPostprocessing = 0;
		};
		FB25D9571D05565E0046B56B /* Frameworks */ = {
			isa = PBXFrameworksBuildPhase;
			buildActionMask = 2147483647;
			files = (
			);
			runOnlyForDeploymentPostprocessing = 0;
		};
/* End PBXFrameworksBuildPhase section */

/* Begin PBXGroup section */
		FB25D92D1D05565E0046B56B = {
			isa = PBXGroup;
			children = (
				FB25D9381D05565E0046B56B /* AopSample */,
				FB25D9521D05565E0046B56B /* AopSampleTests */,
				FB25D95D1D05565E0046B56B /* AopSampleUITests */,
				FB25D9371D05565E0046B56B /* Products */,
			);
			sourceTree = "<group>";
		};
		FB25D9371D05565E0046B56B /* Products */ = {
			isa = PBXGroup;
			children = (
				FB25D9361D05565E0046B56B /* AopSample.app */,
				FB25D94F1D05565E0046B56B /* AopSampleTests.xctest */,
				FB25D95A1D05565E0046B56B /* AopSampleUITests.xctest */,
			);
			name = Products;
			sourceTree = "<group>";
		};
		FB25D9381D05565E0046B56B /* AopSample */ = {
			isa = PBXGroup;
			children = (
				FB25D96F1D0556E20046B56B /* Aspects.h */,
				FB25D9701D0556E20046B56B /* Aspects.m */,
				FB25D96C1D0556BD0046B56B /* TestAOPViewController.h */,
				FB25D96D1D0556BD0046B56B /* TestAOPViewController.m */,
				FB25D93C1D05565E0046B56B /* AppDelegate.h */,
				FB25D93D1D05565E0046B56B /* AppDelegate.m */,
				FB25D9451D05565E0046B56B /* Assets.xcassets */,
				FB25D9471D05565E0046B56B /* LaunchScreen.storyboard */,
				FB25D94A1D05565E0046B56B /* Info.plist */,
				FB25D9391D05565E0046B56B /* Supporting Files */,
			);
			path = AopSample;
			sourceTree = "<group>";
		};
		FB25D9391D05565E0046B56B /* Supporting Files */ = {
			isa = PBXGroup;
			children = (
				FB25D93A1D05565E0046B56B /* main.m */,
			);
			name = "Supporting Files";
			sourceTree = "<group>";
		};
		FB25D9521D05565E0046B56B /* AopSampleTests */ = {
			isa = PBXGroup;
			children = (
				FB25D9531D05565E0046B56B /* AopSampleTests.m */,
				FB25D9551D05565E0046B56B /* Info.plist */,
			);
			path = AopSampleTests;
			sourceTree = "<group>";
		};
		FB25D95D1D05565E0046B56B /* AopSampleUITests */ = {
			isa = PBXGroup;
			children = (
				FB25D95E1D05565E0046B56B /* AopSampleUITests.m */,
				FB25D9601D05565E0046B56B /* Info.plist */,
			);
			path = AopSampleUITests;
			sourceTree = "<group>";
		};
/* End PBXGroup section */

/* Begin PBXNativeTarget section */
		FB25D9351D05565E0046B56B /* AopSample */ = {
			isa = PBXNativeTarget;
			buildConfigurationList = FB25D9631D05565E0046B56B /* Build configuration list for PBXNativeTarget "AopSample" */;
			buildPhases = (
				FB25D9321D05565E0046B56B /* Sources */,
				FB25D9331D05565E0046B56B /* Frameworks */,
				FB25D9341D05565E0046B56B /* Resources */,
			);
			buildRules = (
			);
			dependencies = (
			);
			name = AopSample;
			productName = AopSample;
			productReference = FB25D9361D05565E0046B56B /* AopSample.app */;
			productType = "com.apple.product-type.application";
		};
		FB25D94E1D05565E0046B56B /* AopSampleTests */ = {
			isa = PBXNativeTarget;
			buildConfigurationList = FB25D9661D05565E0046B56B /* Build configuration list for PBXNativeTarget "AopSampleTests" */;
			buildPhases = (
				FB25D94B1D05565E0046B56B /* Sources */,
				FB25D94C1D05565E0046B56B /* Frameworks */,
				FB25D94D1D05565E0046B56B /* Resources */,
			);
			buildRules = (
			);
			dependencies = (
				FB25D9511D05565E0046B56B /* PBXTargetDependency */,
			);
			name = AopSampleTests;
			productName = AopSampleTests;
			productReference = FB25D94F1D05565E0046B56B /* AopSampleTests.xctest */;
			productType = "com.apple.product-type.bundle.unit-test";
		};
		FB25D9591D05565E0046B56B /* AopSampleUITests */ = {
			isa = PBXNativeTarget;
			buildConfigurationList = FB25D9691D05565E0046B56B /* Build configuration list for PBXNativeTarget "AopSampleUITests" */;
			buildPhases = (
				FB25D9561D05565E0046B56B /* Sources */,
				FB25D9571D05565E0046B56B /* Frameworks */,
				FB25D9581D05565E0046B56B /* Resources */,
			);
			buildRules = (
			);
			dependencies = (
				FB25D95C1D05565E0046B56B /* PBXTargetDependency */,
			);
			name = AopSampleUITests;
			productName = AopSampleUITests;
			productReference = FB25D95A1D05565E0046B56B /* AopSampleUITests.xctest */;
			productType = "com.apple.product-type.bundle.ui-testing";
		};
/* End PBXNativeTarget section */

/* Begin PBXProject section */
		FB25D92E1D05565E0046B56B /* Project object */ = {
			isa = PBXProject;
			attributes = {
				LastUpgradeCheck = 0730;
				ORGANIZATIONNAME = "胡大海";
				TargetAttributes = {
					FB25D9351D05565E0046B56B = {
						CreatedOnToolsVersion = 7.3;
					};
					FB25D94E1D05565E0046B56B = {
						CreatedOnToolsVersion = 7.3;
						TestTargetID = FB25D9351D05565E0046B56B;
					};
					FB25D9591D05565E0046B56B = {
						CreatedOnToolsVersion = 7.3;
						TestTargetID = FB25D9351D05565E0046B56B;
					};
				};
			};
			buildConfigurationList = FB25D9311D05565E0046B56B /* Build configuration list for PBXProject "AopSample" */;
			compatibilityVersion = "Xcode 3.2";
			developmentRegion = English;
			hasScannedForEncodings = 0;
			knownRegions = (
				en,
				Base,
			);
			mainGroup = FB25D92D1D05565E0046B56B;
			productRefGroup = FB25D9371D05565E0046B56B /* Products */;
			projectDirPath = "";
			projectRoot = "";
			targets = (
				FB25D9351D05565E0046B56B /* AopSample */,
				FB25D94E1D05565E0046B56B /* AopSampleTests */,
				FB25D9591D05565E0046B56B /* AopSampleUITests */,
			);
		};
/* End PBXProject section */

/* Begin PBXResourcesBuildPhase section */
		FB25D9341D05565E0046B56B /* Resources */ = {
			isa = PBXResourcesBuildPhase;
			buildActionMask = 2147483647;
			files = (
				FB25D9491D05565E0046B56B /* LaunchScreen.storyboard in Resources */,
				FB25D9461D05565E0046B56B /* Assets.xcassets in Resources */,
			);
			runOnlyForDeploymentPostprocessing = 0;
		};
		FB25D94D1D05565E0046B56B /* Resources */ = {
			isa = PBXResourcesBuildPhase;
			buildActionMask = 2147483647;
			files = (
			);
			runOnlyForDeploymentPostprocessing = 0;
		};
		FB25D9581D05565E0046B56B /* Resources */ = {
			isa = PBXResourcesBuildPhase;
			buildActionMask = 2147483647;
			files = (
			);
			runOnlyForDeploymentPostprocessing = 0;
		};
/* End PBXResourcesBuildPhase section */

/* Begin PBXSourcesBuildPhase section */
		FB25D9321D05565E0046B56B /* Sources */ = {
			isa = PBXSourcesBuildPhase;
			buildActionMask = 2147483647;
			files = (
				FB25D96E1D0556BD0046B56B /* TestAOPViewController.m in Sources */,
				FB25D93E1D05565E0046B56B /* AppDelegate.m in Sources */,
				FB25D93B1D05565E0046B56B /* main.m in Sources */,
				FB25D9711D0556E20046B56B /* Aspects.m in Sources */,
			);
			runOnlyForDeploymentPostprocessing = 0;
		};
		FB25D94B1D05565E0046B56B /* Sources */ = {
			isa = PBXSourcesBuildPhase;
			buildActionMask = 2147483647;
			files = (
				FB25D9541D05565E0046B56B /* AopSampleTests.m in Sources */,
			);
			runOnlyForDeploymentPostprocessing = 0;
		};
		FB25D9561D05565E0046B56B /* Sources */ = {
			isa = PBXSourcesBuildPhase;
			buildActionMask = 2147483647;
			files = (
				FB25D95F1D05565E0046B56B /* AopSampleUITests.m in Sources */,
			);
			runOnlyForDeploymentPostprocessing = 0;
		};
/* End PBXSourcesBuildPhase section */

/* Begin PBXTargetDependency section */
		FB25D9511D05565E0046B56B /* PBXTargetDependency */ = {
			isa = PBXTargetDependency;
			target = FB25D9351D05565E0046B56B /* AopSample */;
			targetProxy = FB25D9501D05565E0046B56B /* PBXContainerItemProxy */;
		};
		FB25D95C1D05565E0046B56B /* PBXTargetDependency */ = {
			isa = PBXTargetDependency;
			target = FB25D9351D05565E0046B56B /* AopSample */;
			targetProxy = FB25D95B1D05565E0046B56B /* PBXContainerItemProxy */;
		};
/* End PBXTargetDependency section */

/* Begin PBXVariantGroup section */
		FB25D9471D05565E0046B56B /* LaunchScreen.storyboard */ = {
			isa = PBXVariantGroup;
			children = (
				FB25D9481D05565E0046B56B /* Base */,
			);
			name = LaunchScreen.storyboard;
			sourceTree = "<group>";
		};
/* End PBXVariantGroup section */

/* Begin XCBuildConfiguration section */
		FB25D9611D05565E0046B56B /* Debug */ = {
			isa = XCBuildConfiguration;
			buildSettings = {
				ALWAYS_SEARCH_USER_PATHS = NO;
				CLANG_ANALYZER_NONNULL = YES;
				CLANG_CXX_LANGUAGE_STANDARD = "gnu++0x";
				CLANG_CXX_LIBRARY = "libc++";
				CLANG_ENABLE_MODULES = YES;
				CLANG_ENABLE_OBJC_ARC = YES;
				CLANG_WARN_BOOL_CONVERSION = YES;
				CLANG_WARN_CONSTANT_CONVERSION = YES;
				CLANG_WARN_DIRECT_OBJC_ISA_USAGE = YES_ERROR;
				CLANG_WARN_EMPTY_BODY = YES;
				CLANG_WARN_ENUM_CONVERSION = YES;
				CLANG_WARN_INT_CONVERSION = YES;
				CLANG_WARN_OBJC_ROOT_CLASS = YES_ERROR;
				CLANG_WARN_UNREACHABLE_CODE = YES;
				CLANG_WARN__DUPLICATE_METHOD_MATCH = YES;
				"CODE_SIGN_IDENTITY[sdk=iphoneos*]" = "iPhone Developer";
				COPY_PHASE_STRIP = NO;
				DEBUG_INFORMATION_FORMAT = dwarf;
				ENABLE_STRICT_OBJC_MSGSEND = YES;
				ENABLE_TESTABILITY = YES;
				GCC_C_LANGUAGE_STANDARD = gnu99;
				GCC_DYNAMIC_NO_PIC = NO;
				GCC_NO_COMMON_BLOCKS = YES;
				GCC_OPTIMIZATION_LEVEL = 0;
				GCC_PREPROCESSOR_DEFINITIONS = (
					"DEBUG=1",
					"$(inherited)",
				);
				GCC_WARN_64_TO_32_BIT_CONVERSION = YES;
				GCC_WARN_ABOUT_RETURN_TYPE = YES_ERROR;
				GCC_WARN_UNDECLARED_SELECTOR = YES;
				GCC_WARN_UNINITIALIZED_AUTOS = YES_AGGRESSIVE;
				GCC_WARN_UNUSED_FUNCTION = YES;
				GCC_WARN_UNUSED_VARIABLE = YES;
				IPHONEOS_DEPLOYMENT_TARGET = 9.3;
				MTL_ENABLE_DEBUG_INFO = YES;
				ONLY_ACTIVE_ARCH = YES;
				SDKROOT = iphoneos;
				TARGETED_DEVICE_FAMILY = "1,2";
			};
			name = Debug;
		};
		FB25D9621D05565E0046B56B /* Release */ = {
			isa = XCBuildConfiguration;
			buildSettings = {
				ALWAYS_SEARCH_USER_PATHS = NO;
				CLANG_ANALYZER_NONNULL = YES;
				CLANG_CXX_LANGUAGE_STANDARD = "gnu++0x";
				CLANG_CXX_LIBRARY = "libc++";
				CLANG_ENABLE_MODULES = YES;
				CLANG_ENABLE_OBJC_ARC = YES;
				CLANG_WARN_BOOL_CONVERSION = YES;
				CLANG_WARN_CONSTANT_CONVERSION = YES;
				CLANG_WARN_DIRECT_OBJC_ISA_USAGE = YES_ERROR;
				CLANG_WARN_EMPTY_BODY = YES;
				CLANG_WARN_ENUM_CONVERSION = YES;
				CLANG_WARN_INT_CONVERSION = YES;
				CLANG_WARN_OBJC_ROOT_CLASS = YES_ERROR;
				CLANG_WARN_UNREACHABLE_CODE = YES;
				CLANG_WARN__DUPLICATE_METHOD_MATCH = YES;
				"CODE_SIGN_IDENTITY[sdk=iphoneos*]" = "iPhone Developer";
				COPY_PHASE_STRIP = NO;
				DEBUG_INFORMATION_FORMAT = "dwarf-with-dsym";
				ENABLE_NS_ASSERTIONS = NO;
				ENABLE_STRICT_OBJC_MSGSEND = YES;
				GCC_C_LANGUAGE_STANDARD = gnu99;
				GCC_NO_COMMON_BLOCKS = YES;
				GCC_WARN_64_TO_32_BIT_CONVERSION = YES;
				GCC_WARN_ABOUT_RETURN_TYPE = YES_ERROR;
				GCC_WARN_UNDECLARED_SELECTOR = YES;
				GCC_WARN_UNINITIALIZED_AUTOS = YES_AGGRESSIVE;
				GCC_WARN_UNUSED_FUNCTION = YES;
				GCC_WARN_UNUSED_VARIABLE = YES;
				IPHONEOS_DEPLOYMENT_TARGET = 9.3;
				MTL_ENABLE_DEBUG_INFO = NO;
				SDKROOT = iphoneos;
				TARGETED_DEVICE_FAMILY = "1,2";
				VALIDATE_PRODUCT = YES;
			};
			name = Release;
		};
		FB25D9641D05565E0046B56B /* Debug */ = {
			isa = XCBuildConfiguration;
			buildSettings = {
				ASSETCATALOG_COMPILER_APPICON_NAME = AppIcon;
				INFOPLIST_FILE = AopSample/Info.plist;
				IPHONEOS_DEPLOYMENT_TARGET = 8.0;
				LD_RUNPATH_SEARCH_PATHS = "$(inherited) @executable_path/Frameworks";
				PRODUCT_BUNDLE_IDENTIFIER = com.fenggr.com.AopSample;
				PRODUCT_NAME = "$(TARGET_NAME)";
				TARGETED_DEVICE_FAMILY = 1;
			};
			name = Debug;
		};
		FB25D9651D05565E0046B56B /* Release */ = {
			isa = XCBuildConfiguration;
			buildSettings = {
				ASSETCATALOG_COMPILER_APPICON_NAME = AppIcon;
				INFOPLIST_FILE = AopSample/Info.plist;
				IPHONEOS_DEPLOYMENT_TARGET = 8.0;
				LD_RUNPATH_SEARCH_PATHS = "$(inherited) @executable_path/Frameworks";
				PRODUCT_BUNDLE_IDENTIFIER = com.fenggr.com.AopSample;
				PRODUCT_NAME = "$(TARGET_NAME)";
				TARGETED_DEVICE_FAMILY = 1;
			};
			name = Release;
		};
		FB25D9671D05565E0046B56B /* Debug */ = {
			isa = XCBuildConfiguration;
			buildSettings = {
				BUNDLE_LOADER = "$(TEST_HOST)";
				INFOPLIST_FILE = AopSampleTests/Info.plist;
				LD_RUNPATH_SEARCH_PATHS = "$(inherited) @executable_path/Frameworks @loader_path/Frameworks";
				PRODUCT_BUNDLE_IDENTIFIER = com.fenggr.com.AopSampleTests;
				PRODUCT_NAME = "$(TARGET_NAME)";
				TEST_HOST = "$(BUILT_PRODUCTS_DIR)/AopSample.app/AopSample";
			};
			name = Debug;
		};
		FB25D9681D05565E0046B56B /* Release */ = {
			isa = XCBuildConfiguration;
			buildSettings = {
				BUNDLE_LOADER = "$(TEST_HOST)";
				INFOPLIST_FILE = AopSampleTests/Info.plist;
				LD_RUNPATH_SEARCH_PATHS = "$(inherited) @executable_path/Frameworks @loader_path/Frameworks";
				PRODUCT_BUNDLE_IDENTIFIER = com.fenggr.com.AopSampleTests;
				PRODUCT_NAME = "$(TARGET_NAME)";
				TEST_HOST = "$(BUILT_PRODUCTS_DIR)/AopSample.app/AopSample";
			};
			name = Release;
		};
		FB25D96A1D05565E0046B56B /* Debug */ = {
			isa = XCBuildConfiguration;
			buildSettings = {
				INFOPLIST_FILE = AopSampleUITests/Info.plist;
				LD_RUNPATH_SEARCH_PATHS = "$(inherited) @executable_path/Frameworks @loader_path/Frameworks";
				PRODUCT_BUNDLE_IDENTIFIER = com.fenggr.com.AopSampleUITests;
				PRODUCT_NAME = "$(TARGET_NAME)";
				TEST_TARGET_NAME = AopSample;
			};
			name = Debug;
		};
		FB25D96B1D05565E0046B56B /* Release */ = {
			isa = XCBuildConfiguration;
			buildSettings = {
				INFOPLIST_FILE = AopSampleUITests/Info.plist;
				LD_RUNPATH_SEARCH_PATHS = "$(inherited) @executable_path/Frameworks @loader_path/Frameworks";
				PRODUCT_BUNDLE_IDENTIFIER = com.fenggr.com.AopSampleUITests;
				PRODUCT_NAME = "$(TARGET_NAME)";
				TEST_TARGET_NAME = AopSample;
			};
			name = Release;
		};
/* End XCBuildConfiguration section */

/* Begin XCConfigurationList section */
		FB25D9311D05565E0046B56B /* Build configuration list for PBXProject "AopSample" */ = {
			isa = XCConfigurationList;
			buildConfigurations = (
				FB25D9611D05565E0046B56B /* Debug */,
				FB25D9621D05565E0046B56B /* Release */,
			);
			defaultConfigurationIsVisible = 0;
			defaultConfigurationName = Release;
		};
		FB25D9631D05565E0046B56B /* Build configuration list for PBXNativeTarget "AopSample" */ = {
			isa = XCConfigurationList;
			buildConfigurations = (
				FB25D9641D05565E0046B56B /* Debug */,
				FB25D9651D05565E0046B56B /* Release */,
			);
			defaultConfigurationIsVisible = 0;
		};
		FB25D9661D05565E0046B56B /* Build configuration list for PBXNativeTarget "AopSampleTests" */ = {
			isa = XCConfigurationList;
			buildConfigurations = (
				FB25D9671D05565E0046B56B /* Debug */,
				FB25D9681D05565E0046B56B /* Release */,
			);
			defaultConfigurationIsVisible = 0;
		};
		FB25D9691D05565E0046B56B /* Build configuration list for PBXNativeTarget "AopSampleUITests" */ = {
			isa = XCConfigurationList;
			buildConfigurations = (
				FB25D96A1D05565E0046B56B /* Debug */,
				FB25D96B1D05565E0046B56B /* Release */,
			);
			defaultConfigurationIsVisible = 0;
		};
/* End XCConfigurationList section */
	};
	rootObject = FB25D92E1D05565E0046B56B /* Project object */;
}
