<?xml version="1.0" encoding="UTF-8"?>
<!DOCTYPE plist PUBLIC "-//Apple//DTD PLIST 1.0//EN" "http://www.apple.com/DTDs/PropertyList-1.0.dtd">
<plist version="1.0">
<dict>
	<key>archiveVersion</key>
	<string>1</string>
	<key>classes</key>
	<dict/>
	<key>objectVersion</key>
	<string>46</string>
	<key>objects</key>
	<dict>
		<key>0734BF21E55EA1F870BEC09A</key>
		<dict>
			<key>buildActionMask</key>
			<string>2147483647</string>
			<key>files</key>
			<array/>
			<key>inputPaths</key>
			<array/>
			<key>isa</key>
			<string>PBXShellScriptBuildPhase</string>
			<key>name</key>
			<string>[CP] Copy Pods Resources</string>
			<key>outputPaths</key>
			<array/>
			<key>runOnlyForDeploymentPostprocessing</key>
			<string>0</string>
			<key>shellPath</key>
			<string>/bin/sh</string>
			<key>shellScript</key>
			<string>"${SRCROOT}/Pods/Target Support Files/Pods-DHNetRequestTool/Pods-DHNetRequestTool-resources.sh"
</string>
			<key>showEnvVarsInLog</key>
			<string>0</string>
		</dict>
		<key>2006A3F6ECB2A644A5FE8165</key>
		<dict>
			<key>includeInIndex</key>
			<string>1</string>
			<key>isa</key>
			<string>PBXFileReference</string>
			<key>lastKnownFileType</key>
			<string>text.xcconfig</string>
			<key>name</key>
			<string>Pods-DHNetRequestTool.release.xcconfig</string>
			<key>path</key>
			<string>Pods/Target Support Files/Pods-DHNetRequestTool/Pods-DHNetRequestTool.release.xcconfig</string>
			<key>sourceTree</key>
			<string>&lt;group&gt;</string>
		</dict>
		<key>26387AD80E1BCB983C37FF7B</key>
		<dict>
			<key>buildActionMask</key>
			<string>2147483647</string>
			<key>files</key>
			<array/>
			<key>inputPaths</key>
			<array/>
			<key>isa</key>
			<string>PBXShellScriptBuildPhase</string>
			<key>name</key>
			<string>[CP] Embed Pods Frameworks</string>
			<key>outputPaths</key>
			<array/>
			<key>runOnlyForDeploymentPostprocessing</key>
			<string>0</string>
			<key>shellPath</key>
			<string>/bin/sh</string>
			<key>shellScript</key>
			<string>"${SRCROOT}/Pods/Target Support Files/Pods-DHNetRequestTool/Pods-DHNetRequestTool-frameworks.sh"
</string>
			<key>showEnvVarsInLog</key>
			<string>0</string>
		</dict>
		<key>56EB0F4A77233D43137316A9</key>
		<dict>
			<key>fileRef</key>
			<string>750B1B18385140D7F907B313</string>
			<key>isa</key>
			<string>PBXBuildFile</string>
		</dict>
		<key>6045FB316C0AD68405E79AC0</key>
		<dict>
			<key>buildActionMask</key>
			<string>2147483647</string>
			<key>files</key>
			<array/>
			<key>inputPaths</key>
			<array/>
			<key>isa</key>
			<string>PBXShellScriptBuildPhase</string>
			<key>name</key>
			<string>[CP] Check Pods Manifest.lock</string>
			<key>outputPaths</key>
			<array/>
			<key>runOnlyForDeploymentPostprocessing</key>
			<string>0</string>
			<key>shellPath</key>
			<string>/bin/sh</string>
			<key>shellScript</key>
			<string>diff "${PODS_ROOT}/../Podfile.lock" "${PODS_ROOT}/Manifest.lock" &gt; /dev/null
if [[ $? != 0 ]] ; then
    cat &lt;&lt; EOM
error: The sandbox is not in sync with the Podfile.lock. Run 'pod install' or update your CocoaPods installation.
EOM
    exit 1
fi
</string>
			<key>showEnvVarsInLog</key>
			<string>0</string>
		</dict>
		<key>750B1B18385140D7F907B313</key>
		<dict>
			<key>explicitFileType</key>
			<string>archive.ar</string>
			<key>includeInIndex</key>
			<string>0</string>
			<key>isa</key>
			<string>PBXFileReference</string>
			<key>path</key>
			<string>libPods-DHNetRequestTool.a</string>
			<key>sourceTree</key>
			<string>BUILT_PRODUCTS_DIR</string>
		</dict>
		<key>830A243779E402E288CBC928</key>
		<dict>
			<key>children</key>
			<array>
				<string>750B1B18385140D7F907B313</string>
			</array>
			<key>isa</key>
			<string>PBXGroup</string>
			<key>name</key>
			<string>Frameworks</string>
			<key>sourceTree</key>
			<string>&lt;group&gt;</string>
		</dict>
		<key>A8FBA22D8864E304ED6B01F2</key>
		<dict>
			<key>includeInIndex</key>
			<string>1</string>
			<key>isa</key>
			<string>PBXFileReference</string>
			<key>lastKnownFileType</key>
			<string>text.xcconfig</string>
			<key>name</key>
			<string>Pods-DHNetRequestTool.debug.xcconfig</string>
			<key>path</key>
			<string>Pods/Target Support Files/Pods-DHNetRequestTool/Pods-DHNetRequestTool.debug.xcconfig</string>
			<key>sourceTree</key>
			<string>&lt;group&gt;</string>
		</dict>
		<key>B4B3099DE669BEE9131D7DEF</key>
		<dict>
			<key>children</key>
			<array>
				<string>A8FBA22D8864E304ED6B01F2</string>
				<string>2006A3F6ECB2A644A5FE8165</string>
			</array>
			<key>isa</key>
			<string>PBXGroup</string>
			<key>name</key>
			<string>Pods</string>
			<key>sourceTree</key>
			<string>&lt;group&gt;</string>
		</dict>
		<key>FB30F2581E2DE65D0091AFBA</key>
		<dict>
			<key>children</key>
			<array>
				<string>FB30F2631E2DE65D0091AFBA</string>
				<string>FB30F27D1E2DE65D0091AFBA</string>
				<string>FB30F2881E2DE65D0091AFBA</string>
				<string>FB30F2621E2DE65D0091AFBA</string>
				<string>B4B3099DE669BEE9131D7DEF</string>
				<string>830A243779E402E288CBC928</string>
			</array>
			<key>isa</key>
			<string>PBXGroup</string>
			<key>sourceTree</key>
			<string>&lt;group&gt;</string>
		</dict>
		<key>FB30F2591E2DE65D0091AFBA</key>
		<dict>
			<key>attributes</key>
			<dict>
				<key>LastUpgradeCheck</key>
				<string>0800</string>
				<key>ORGANIZATIONNAME</key>
				<string>&#32993;&#22823;&#28023;</string>
				<key>TargetAttributes</key>
				<dict>
					<key>FB30F2601E2DE65D0091AFBA</key>
					<dict>
						<key>CreatedOnToolsVersion</key>
						<string>8.0</string>
						<key>DevelopmentTeam</key>
						<string>QXL582XFUQ</string>
						<key>ProvisioningStyle</key>
						<string>Automatic</string>
					</dict>
					<key>FB30F2791E2DE65D0091AFBA</key>
					<dict>
						<key>CreatedOnToolsVersion</key>
						<string>8.0</string>
						<key>DevelopmentTeam</key>
						<string>QXL582XFUQ</string>
						<key>ProvisioningStyle</key>
						<string>Automatic</string>
						<key>TestTargetID</key>
						<string>FB30F2601E2DE65D0091AFBA</string>
					</dict>
					<key>FB30F2841E2DE65D0091AFBA</key>
					<dict>
						<key>CreatedOnToolsVersion</key>
						<string>8.0</string>
						<key>DevelopmentTeam</key>
						<string>QXL582XFUQ</string>
						<key>ProvisioningStyle</key>
						<string>Automatic</string>
						<key>TestTargetID</key>
						<string>FB30F2601E2DE65D0091AFBA</string>
					</dict>
				</dict>
			</dict>
			<key>buildConfigurationList</key>
			<string>FB30F25C1E2DE65D0091AFBA</string>
			<key>compatibilityVersion</key>
			<string>Xcode 3.2</string>
			<key>developmentRegion</key>
			<string>English</string>
			<key>hasScannedForEncodings</key>
			<string>0</string>
			<key>isa</key>
			<string>PBXProject</string>
			<key>knownRegions</key>
			<array>
				<string>en</string>
				<string>Base</string>
			</array>
			<key>mainGroup</key>
			<string>FB30F2581E2DE65D0091AFBA</string>
			<key>productRefGroup</key>
			<string>FB30F2621E2DE65D0091AFBA</string>
			<key>projectDirPath</key>
			<string></string>
			<key>projectReferences</key>
			<array/>
			<key>projectRoot</key>
			<string></string>
			<key>targets</key>
			<array>
				<string>FB30F2601E2DE65D0091AFBA</string>
				<string>FB30F2791E2DE65D0091AFBA</string>
				<string>FB30F2841E2DE65D0091AFBA</string>
			</array>
		</dict>
		<key>FB30F25C1E2DE65D0091AFBA</key>
		<dict>
			<key>buildConfigurations</key>
			<array>
				<string>FB30F28C1E2DE65D0091AFBA</string>
				<string>FB30F28D1E2DE65D0091AFBA</string>
			</array>
			<key>defaultConfigurationIsVisible</key>
			<string>0</string>
			<key>defaultConfigurationName</key>
			<string>Release</string>
			<key>isa</key>
			<string>XCConfigurationList</string>
		</dict>
		<key>FB30F25D1E2DE65D0091AFBA</key>
		<dict>
			<key>buildActionMask</key>
			<string>2147483647</string>
			<key>files</key>
			<array>
				<string>FB30F26C1E2DE65D0091AFBA</string>
				<string>FB30F2A01E2DE9E20091AFBA</string>
				<string>FB30F29D1E2DE99D0091AFBA</string>
				<string>FB30F2691E2DE65D0091AFBA</string>
				<string>FB30F2661E2DE65D0091AFBA</string>
				<string>FB30F29A1E2DE6A40091AFBA</string>
			</array>
			<key>isa</key>
			<string>PBXSourcesBuildPhase</string>
			<key>runOnlyForDeploymentPostprocessing</key>
			<string>0</string>
		</dict>
		<key>FB30F25E1E2DE65D0091AFBA</key>
		<dict>
			<key>buildActionMask</key>
			<string>2147483647</string>
			<key>files</key>
			<array>
				<string>56EB0F4A77233D43137316A9</string>
			</array>
			<key>isa</key>
			<string>PBXFrameworksBuildPhase</string>
			<key>runOnlyForDeploymentPostprocessing</key>
			<string>0</string>
		</dict>
		<key>FB30F25F1E2DE65D0091AFBA</key>
		<dict>
			<key>buildActionMask</key>
			<string>2147483647</string>
			<key>files</key>
			<array>
				<string>FB30F2741E2DE65D0091AFBA</string>
				<string>FB30F2711E2DE65D0091AFBA</string>
				<string>FB30F26F1E2DE65D0091AFBA</string>
			</array>
			<key>isa</key>
			<string>PBXResourcesBuildPhase</string>
			<key>runOnlyForDeploymentPostprocessing</key>
			<string>0</string>
		</dict>
		<key>FB30F2601E2DE65D0091AFBA</key>
		<dict>
			<key>buildConfigurationList</key>
			<string>FB30F28E1E2DE65D0091AFBA</string>
			<key>buildPhases</key>
			<array>
				<string>6045FB316C0AD68405E79AC0</string>
				<string>FB30F25D1E2DE65D0091AFBA</string>
				<string>FB30F25E1E2DE65D0091AFBA</string>
				<string>FB30F25F1E2DE65D0091AFBA</string>
				<string>26387AD80E1BCB983C37FF7B</string>
				<string>0734BF21E55EA1F870BEC09A</string>
			</array>
			<key>buildRules</key>
			<array/>
			<key>dependencies</key>
			<array/>
			<key>isa</key>
			<string>PBXNativeTarget</string>
			<key>name</key>
			<string>DHNetRequestTool</string>
			<key>productName</key>
			<string>DHNetRequestTool</string>
			<key>productReference</key>
			<string>FB30F2611E2DE65D0091AFBA</string>
			<key>productType</key>
			<string>com.apple.product-type.application</string>
		</dict>
		<key>FB30F2611E2DE65D0091AFBA</key>
		<dict>
			<key>explicitFileType</key>
			<string>wrapper.application</string>
			<key>includeInIndex</key>
			<string>0</string>
			<key>isa</key>
			<string>PBXFileReference</string>
			<key>path</key>
			<string>DHNetRequestTool.app</string>
			<key>sourceTree</key>
			<string>BUILT_PRODUCTS_DIR</string>
		</dict>
		<key>FB30F2621E2DE65D0091AFBA</key>
		<dict>
			<key>children</key>
			<array>
				<string>FB30F2611E2DE65D0091AFBA</string>
				<string>FB30F27A1E2DE65D0091AFBA</string>
				<string>FB30F2851E2DE65D0091AFBA</string>
			</array>
			<key>isa</key>
			<string>PBXGroup</string>
			<key>name</key>
			<string>Products</string>
			<key>sourceTree</key>
			<string>&lt;group&gt;</string>
		</dict>
		<key>FB30F2631E2DE65D0091AFBA</key>
		<dict>
			<key>children</key>
			<array>
				<string>FB30F2971E2DE6830091AFBA</string>
				<string>FB30F2671E2DE65D0091AFBA</string>
				<string>FB30F2681E2DE65D0091AFBA</string>
				<string>FB30F26A1E2DE65D0091AFBA</string>
				<string>FB30F26B1E2DE65D0091AFBA</string>
				<string>FB30F26D1E2DE65D0091AFBA</string>
				<string>FB30F2701E2DE65D0091AFBA</string>
				<string>FB30F2721E2DE65D0091AFBA</string>
				<string>FB30F2751E2DE65D0091AFBA</string>
				<string>FB30F2641E2DE65D0091AFBA</string>
			</array>
			<key>isa</key>
			<string>PBXGroup</string>
			<key>path</key>
			<string>DHNetRequestTool</string>
			<key>sourceTree</key>
			<string>&lt;group&gt;</string>
		</dict>
		<key>FB30F2641E2DE65D0091AFBA</key>
		<dict>
			<key>children</key>
			<array>
				<string>FB30F2651E2DE65D0091AFBA</string>
			</array>
			<key>isa</key>
			<string>PBXGroup</string>
			<key>name</key>
			<string>Supporting Files</string>
			<key>sourceTree</key>
			<string>&lt;group&gt;</string>
		</dict>
		<key>FB30F2651E2DE65D0091AFBA</key>
		<dict>
			<key>isa</key>
			<string>PBXFileReference</string>
			<key>lastKnownFileType</key>
			<string>sourcecode.c.objc</string>
			<key>path</key>
			<string>main.m</string>
			<key>sourceTree</key>
			<string>&lt;group&gt;</string>
		</dict>
		<key>FB30F2661E2DE65D0091AFBA</key>
		<dict>
			<key>fileRef</key>
			<string>FB30F2651E2DE65D0091AFBA</string>
			<key>isa</key>
			<string>PBXBuildFile</string>
		</dict>
		<key>FB30F2671E2DE65D0091AFBA</key>
		<dict>
			<key>isa</key>
			<string>PBXFileReference</string>
			<key>lastKnownFileType</key>
			<string>sourcecode.c.h</string>
			<key>path</key>
			<string>AppDelegate.h</string>
			<key>sourceTree</key>
			<string>&lt;group&gt;</string>
		</dict>
		<key>FB30F2681E2DE65D0091AFBA</key>
		<dict>
			<key>isa</key>
			<string>PBXFileReference</string>
			<key>lastKnownFileType</key>
			<string>sourcecode.c.objc</string>
			<key>path</key>
			<string>AppDelegate.m</string>
			<key>sourceTree</key>
			<string>&lt;group&gt;</string>
		</dict>
		<key>FB30F2691E2DE65D0091AFBA</key>
		<dict>
			<key>fileRef</key>
			<string>FB30F2681E2DE65D0091AFBA</string>
			<key>isa</key>
			<string>PBXBuildFile</string>
		</dict>
		<key>FB30F26A1E2DE65D0091AFBA</key>
		<dict>
			<key>isa</key>
			<string>PBXFileReference</string>
			<key>lastKnownFileType</key>
			<string>sourcecode.c.h</string>
			<key>path</key>
			<string>ViewController.h</string>
			<key>sourceTree</key>
			<string>&lt;group&gt;</string>
		</dict>
		<key>FB30F26B1E2DE65D0091AFBA</key>
		<dict>
			<key>isa</key>
			<string>PBXFileReference</string>
			<key>lastKnownFileType</key>
			<string>sourcecode.c.objc</string>
			<key>path</key>
			<string>ViewController.m</string>
			<key>sourceTree</key>
			<string>&lt;group&gt;</string>
		</dict>
		<key>FB30F26C1E2DE65D0091AFBA</key>
		<dict>
			<key>fileRef</key>
			<string>FB30F26B1E2DE65D0091AFBA</string>
			<key>isa</key>
			<string>PBXBuildFile</string>
		</dict>
		<key>FB30F26D1E2DE65D0091AFBA</key>
		<dict>
			<key>children</key>
			<array>
				<string>FB30F26E1E2DE65D0091AFBA</string>
			</array>
			<key>isa</key>
			<string>PBXVariantGroup</string>
			<key>name</key>
			<string>Main.storyboard</string>
			<key>sourceTree</key>
			<string>&lt;group&gt;</string>
		</dict>
		<key>FB30F26E1E2DE65D0091AFBA</key>
		<dict>
			<key>isa</key>
			<string>PBXFileReference</string>
			<key>lastKnownFileType</key>
			<string>file.storyboard</string>
			<key>name</key>
			<string>Base</string>
			<key>path</key>
			<string>Base.lproj/Main.storyboard</string>
			<key>sourceTree</key>
			<string>&lt;group&gt;</string>
		</dict>
		<key>FB30F26F1E2DE65D0091AFBA</key>
		<dict>
			<key>fileRef</key>
			<string>FB30F26D1E2DE65D0091AFBA</string>
			<key>isa</key>
			<string>PBXBuildFile</string>
		</dict>
		<key>FB30F2701E2DE65D0091AFBA</key>
		<dict>
			<key>isa</key>
			<string>PBXFileReference</string>
			<key>lastKnownFileType</key>
			<string>folder.assetcatalog</string>
			<key>path</key>
			<string>Assets.xcassets</string>
			<key>sourceTree</key>
			<string>&lt;group&gt;</string>
		</dict>
		<key>FB30F2711E2DE65D0091AFBA</key>
		<dict>
			<key>fileRef</key>
			<string>FB30F2701E2DE65D0091AFBA</string>
			<key>isa</key>
			<string>PBXBuildFile</string>
		</dict>
		<key>FB30F2721E2DE65D0091AFBA</key>
		<dict>
			<key>children</key>
			<array>
				<string>FB30F2731E2DE65D0091AFBA</string>
			</array>
			<key>isa</key>
			<string>PBXVariantGroup</string>
			<key>name</key>
			<string>LaunchScreen.storyboard</string>
			<key>sourceTree</key>
			<string>&lt;group&gt;</string>
		</dict>
		<key>FB30F2731E2DE65D0091AFBA</key>
		<dict>
			<key>isa</key>
			<string>PBXFileReference</string>
			<key>lastKnownFileType</key>
			<string>file.storyboard</string>
			<key>name</key>
			<string>Base</string>
			<key>path</key>
			<string>Base.lproj/LaunchScreen.storyboard</string>
			<key>sourceTree</key>
			<string>&lt;group&gt;</string>
		</dict>
		<key>FB30F2741E2DE65D0091AFBA</key>
		<dict>
			<key>fileRef</key>
			<string>FB30F2721E2DE65D0091AFBA</string>
			<key>isa</key>
			<string>PBXBuildFile</string>
		</dict>
		<key>FB30F2751E2DE65D0091AFBA</key>
		<dict>
			<key>isa</key>
			<string>PBXFileReference</string>
			<key>lastKnownFileType</key>
			<string>text.plist.xml</string>
			<key>path</key>
			<string>Info.plist</string>
			<key>sourceTree</key>
			<string>&lt;group&gt;</string>
		</dict>
		<key>FB30F2761E2DE65D0091AFBA</key>
		<dict>
			<key>buildActionMask</key>
			<string>2147483647</string>
			<key>files</key>
			<array>
				<string>FB30F27F1E2DE65D0091AFBA</string>
			</array>
			<key>isa</key>
			<string>PBXSourcesBuildPhase</string>
			<key>runOnlyForDeploymentPostprocessing</key>
			<string>0</string>
		</dict>
		<key>FB30F2771E2DE65D0091AFBA</key>
		<dict>
			<key>buildActionMask</key>
			<string>2147483647</string>
			<key>files</key>
			<array/>
			<key>isa</key>
			<string>PBXFrameworksBuildPhase</string>
			<key>runOnlyForDeploymentPostprocessing</key>
			<string>0</string>
		</dict>
		<key>FB30F2781E2DE65D0091AFBA</key>
		<dict>
			<key>buildActionMask</key>
			<string>2147483647</string>
			<key>files</key>
			<array/>
			<key>isa</key>
			<string>PBXResourcesBuildPhase</string>
			<key>runOnlyForDeploymentPostprocessing</key>
			<string>0</string>
		</dict>
		<key>FB30F2791E2DE65D0091AFBA</key>
		<dict>
			<key>buildConfigurationList</key>
			<string>FB30F2911E2DE65D0091AFBA</string>
			<key>buildPhases</key>
			<array>
				<string>FB30F2761E2DE65D0091AFBA</string>
				<string>FB30F2771E2DE65D0091AFBA</string>
				<string>FB30F2781E2DE65D0091AFBA</string>
			</array>
			<key>buildRules</key>
			<array/>
			<key>dependencies</key>
			<array>
				<string>FB30F27C1E2DE65D0091AFBA</string>
			</array>
			<key>isa</key>
			<string>PBXNativeTarget</string>
			<key>name</key>
			<string>DHNetRequestToolTests</string>
			<key>productName</key>
			<string>DHNetRequestToolTests</string>
			<key>productReference</key>
			<string>FB30F27A1E2DE65D0091AFBA</string>
			<key>productType</key>
			<string>com.apple.product-type.bundle.unit-test</string>
		</dict>
		<key>FB30F27A1E2DE65D0091AFBA</key>
		<dict>
			<key>explicitFileType</key>
			<string>wrapper.cfbundle</string>
			<key>includeInIndex</key>
			<string>0</string>
			<key>isa</key>
			<string>PBXFileReference</string>
			<key>path</key>
			<string>DHNetRequestToolTests.xctest</string>
			<key>sourceTree</key>
			<string>BUILT_PRODUCTS_DIR</string>
		</dict>
		<key>FB30F27B1E2DE65D0091AFBA</key>
		<dict>
			<key>containerPortal</key>
			<string>FB30F2591E2DE65D0091AFBA</string>
			<key>isa</key>
			<string>PBXContainerItemProxy</string>
			<key>proxyType</key>
			<string>1</string>
			<key>remoteGlobalIDString</key>
			<string>FB30F2601E2DE65D0091AFBA</string>
			<key>remoteInfo</key>
			<string>DHNetRequestTool</string>
		</dict>
		<key>FB30F27C1E2DE65D0091AFBA</key>
		<dict>
			<key>isa</key>
			<string>PBXTargetDependency</string>
			<key>target</key>
			<string>FB30F2601E2DE65D0091AFBA</string>
			<key>targetProxy</key>
			<string>FB30F27B1E2DE65D0091AFBA</string>
		</dict>
		<key>FB30F27D1E2DE65D0091AFBA</key>
		<dict>
			<key>children</key>
			<array>
				<string>FB30F27E1E2DE65D0091AFBA</string>
				<string>FB30F2801E2DE65D0091AFBA</string>
			</array>
			<key>isa</key>
			<string>PBXGroup</string>
			<key>path</key>
			<string>DHNetRequestToolTests</string>
			<key>sourceTree</key>
			<string>&lt;group&gt;</string>
		</dict>
		<key>FB30F27E1E2DE65D0091AFBA</key>
		<dict>
			<key>isa</key>
			<string>PBXFileReference</string>
			<key>lastKnownFileType</key>
			<string>sourcecode.c.objc</string>
			<key>path</key>
			<string>DHNetRequestToolTests.m</string>
			<key>sourceTree</key>
			<string>&lt;group&gt;</string>
		</dict>
		<key>FB30F27F1E2DE65D0091AFBA</key>
		<dict>
			<key>fileRef</key>
			<string>FB30F27E1E2DE65D0091AFBA</string>
			<key>isa</key>
			<string>PBXBuildFile</string>
		</dict>
		<key>FB30F2801E2DE65D0091AFBA</key>
		<dict>
			<key>isa</key>
			<string>PBXFileReference</string>
			<key>lastKnownFileType</key>
			<string>text.plist.xml</string>
			<key>path</key>
			<string>Info.plist</string>
			<key>sourceTree</key>
			<string>&lt;group&gt;</string>
		</dict>
		<key>FB30F2811E2DE65D0091AFBA</key>
		<dict>
			<key>buildActionMask</key>
			<string>2147483647</string>
			<key>files</key>
			<array>
				<string>FB30F28A1E2DE65D0091AFBA</string>
			</array>
			<key>isa</key>
			<string>PBXSourcesBuildPhase</string>
			<key>runOnlyForDeploymentPostprocessing</key>
			<string>0</string>
		</dict>
		<key>FB30F2821E2DE65D0091AFBA</key>
		<dict>
			<key>buildActionMask</key>
			<string>2147483647</string>
			<key>files</key>
			<array/>
			<key>isa</key>
			<string>PBXFrameworksBuildPhase</string>
			<key>runOnlyForDeploymentPostprocessing</key>
			<string>0</string>
		</dict>
		<key>FB30F2831E2DE65D0091AFBA</key>
		<dict>
			<key>buildActionMask</key>
			<string>2147483647</string>
			<key>files</key>
			<array/>
			<key>isa</key>
			<string>PBXResourcesBuildPhase</string>
			<key>runOnlyForDeploymentPostprocessing</key>
			<string>0</string>
		</dict>
		<key>FB30F2841E2DE65D0091AFBA</key>
		<dict>
			<key>buildConfigurationList</key>
			<string>FB30F2941E2DE65D0091AFBA</string>
			<key>buildPhases</key>
			<array>
				<string>FB30F2811E2DE65D0091AFBA</string>
				<string>FB30F2821E2DE65D0091AFBA</string>
				<string>FB30F2831E2DE65D0091AFBA</string>
			</array>
			<key>buildRules</key>
			<array/>
			<key>dependencies</key>
			<array>
				<string>FB30F2871E2DE65D0091AFBA</string>
			</array>
			<key>isa</key>
			<string>PBXNativeTarget</string>
			<key>name</key>
			<string>DHNetRequestToolUITests</string>
			<key>productName</key>
			<string>DHNetRequestToolUITests</string>
			<key>productReference</key>
			<string>FB30F2851E2DE65D0091AFBA</string>
			<key>productType</key>
			<string>com.apple.product-type.bundle.ui-testing</string>
		</dict>
		<key>FB30F2851E2DE65D0091AFBA</key>
		<dict>
			<key>explicitFileType</key>
			<string>wrapper.cfbundle</string>
			<key>includeInIndex</key>
			<string>0</string>
			<key>isa</key>
			<string>PBXFileReference</string>
			<key>path</key>
			<string>DHNetRequestToolUITests.xctest</string>
			<key>sourceTree</key>
			<string>BUILT_PRODUCTS_DIR</string>
		</dict>
		<key>FB30F2861E2DE65D0091AFBA</key>
		<dict>
			<key>containerPortal</key>
			<string>FB30F2591E2DE65D0091AFBA</string>
			<key>isa</key>
			<string>PBXContainerItemProxy</string>
			<key>proxyType</key>
			<string>1</string>
			<key>remoteGlobalIDString</key>
			<string>FB30F2601E2DE65D0091AFBA</string>
			<key>remoteInfo</key>
			<string>DHNetRequestTool</string>
		</dict>
		<key>FB30F2871E2DE65D0091AFBA</key>
		<dict>
			<key>isa</key>
			<string>PBXTargetDependency</string>
			<key>target</key>
			<string>FB30F2601E2DE65D0091AFBA</string>
			<key>targetProxy</key>
			<string>FB30F2861E2DE65D0091AFBA</string>
		</dict>
		<key>FB30F2881E2DE65D0091AFBA</key>
		<dict>
			<key>children</key>
			<array>
				<string>FB30F2891E2DE65D0091AFBA</string>
				<string>FB30F28B1E2DE65D0091AFBA</string>
			</array>
			<key>isa</key>
			<string>PBXGroup</string>
			<key>path</key>
			<string>DHNetRequestToolUITests</string>
			<key>sourceTree</key>
			<string>&lt;group&gt;</string>
		</dict>
		<key>FB30F2891E2DE65D0091AFBA</key>
		<dict>
			<key>isa</key>
			<string>PBXFileReference</string>
			<key>lastKnownFileType</key>
			<string>sourcecode.c.objc</string>
			<key>path</key>
			<string>DHNetRequestToolUITests.m</string>
			<key>sourceTree</key>
			<string>&lt;group&gt;</string>
		</dict>
		<key>FB30F28A1E2DE65D0091AFBA</key>
		<dict>
			<key>fileRef</key>
			<string>FB30F2891E2DE65D0091AFBA</string>
			<key>isa</key>
			<string>PBXBuildFile</string>
		</dict>
		<key>FB30F28B1E2DE65D0091AFBA</key>
		<dict>
			<key>isa</key>
			<string>PBXFileReference</string>
			<key>lastKnownFileType</key>
			<string>text.plist.xml</string>
			<key>path</key>
			<string>Info.plist</string>
			<key>sourceTree</key>
			<string>&lt;group&gt;</string>
		</dict>
		<key>FB30F28C1E2DE65D0091AFBA</key>
		<dict>
			<key>buildSettings</key>
			<dict>
				<key>ALWAYS_SEARCH_USER_PATHS</key>
				<string>NO</string>
				<key>CLANG_ANALYZER_NONNULL</key>
				<string>YES</string>
				<key>CLANG_CXX_LANGUAGE_STANDARD</key>
				<string>gnu++0x</string>
				<key>CLANG_CXX_LIBRARY</key>
				<string>libc++</string>
				<key>CLANG_ENABLE_MODULES</key>
				<string>YES</string>
				<key>CLANG_ENABLE_OBJC_ARC</key>
				<string>YES</string>
				<key>CLANG_WARN_BOOL_CONVERSION</key>
				<string>YES</string>
				<key>CLANG_WARN_CONSTANT_CONVERSION</key>
				<string>YES</string>
				<key>CLANG_WARN_DIRECT_OBJC_ISA_USAGE</key>
				<string>YES_ERROR</string>
				<key>CLANG_WARN_DOCUMENTATION_COMMENTS</key>
				<string>YES</string>
				<key>CLANG_WARN_EMPTY_BODY</key>
				<string>YES</string>
				<key>CLANG_WARN_ENUM_CONVERSION</key>
				<string>YES</string>
				<key>CLANG_WARN_INFINITE_RECURSION</key>
				<string>YES</string>
				<key>CLANG_WARN_INT_CONVERSION</key>
				<string>YES</string>
				<key>CLANG_WARN_OBJC_ROOT_CLASS</key>
				<string>YES_ERROR</string>
				<key>CLANG_WARN_SUSPICIOUS_MOVES</key>
				<string>YES</string>
				<key>CLANG_WARN_UNREACHABLE_CODE</key>
				<string>YES</string>
				<key>CLANG_WARN__DUPLICATE_METHOD_MATCH</key>
				<string>YES</string>
				<key>CODE_SIGN_IDENTITY[sdk=iphoneos*]</key>
				<string>iPhone Developer</string>
				<key>COPY_PHASE_STRIP</key>
				<string>NO</string>
				<key>DEBUG_INFORMATION_FORMAT</key>
				<string>dwarf</string>
				<key>ENABLE_STRICT_OBJC_MSGSEND</key>
				<string>YES</string>
				<key>ENABLE_TESTABILITY</key>
				<string>YES</string>
				<key>GCC_C_LANGUAGE_STANDARD</key>
				<string>gnu99</string>
				<key>GCC_DYNAMIC_NO_PIC</key>
				<string>NO</string>
				<key>GCC_NO_COMMON_BLOCKS</key>
				<string>YES</string>
				<key>GCC_OPTIMIZATION_LEVEL</key>
				<string>0</string>
				<key>GCC_PREPROCESSOR_DEFINITIONS</key>
				<array>
					<string>DEBUG=1</string>
					<string>$(inherited)</string>
				</array>
				<key>GCC_WARN_64_TO_32_BIT_CONVERSION</key>
				<string>YES</string>
				<key>GCC_WARN_ABOUT_RETURN_TYPE</key>
				<string>YES_ERROR</string>
				<key>GCC_WARN_UNDECLARED_SELECTOR</key>
				<string>YES</string>
				<key>GCC_WARN_UNINITIALIZED_AUTOS</key>
				<string>YES_AGGRESSIVE</string>
				<key>GCC_WARN_UNUSED_FUNCTION</key>
				<string>YES</string>
				<key>GCC_WARN_UNUSED_VARIABLE</key>
				<string>YES</string>
				<key>IPHONEOS_DEPLOYMENT_TARGET</key>
				<string>10.0</string>
				<key>MTL_ENABLE_DEBUG_INFO</key>
				<string>YES</string>
				<key>ONLY_ACTIVE_ARCH</key>
				<string>YES</string>
				<key>SDKROOT</key>
				<string>iphoneos</string>
			</dict>
			<key>isa</key>
			<string>XCBuildConfiguration</string>
			<key>name</key>
			<string>Debug</string>
		</dict>
		<key>FB30F28D1E2DE65D0091AFBA</key>
		<dict>
			<key>buildSettings</key>
			<dict>
				<key>ALWAYS_SEARCH_USER_PATHS</key>
				<string>NO</string>
				<key>CLANG_ANALYZER_NONNULL</key>
				<string>YES</string>
				<key>CLANG_CXX_LANGUAGE_STANDARD</key>
				<string>gnu++0x</string>
				<key>CLANG_CXX_LIBRARY</key>
				<string>libc++</string>
				<key>CLANG_ENABLE_MODULES</key>
				<string>YES</string>
				<key>CLANG_ENABLE_OBJC_ARC</key>
				<string>YES</string>
				<key>CLANG_WARN_BOOL_CONVERSION</key>
				<string>YES</string>
				<key>CLANG_WARN_CONSTANT_CONVERSION</key>
				<string>YES</string>
				<key>CLANG_WARN_DIRECT_OBJC_ISA_USAGE</key>
				<string>YES_ERROR</string>
				<key>CLANG_WARN_DOCUMENTATION_COMMENTS</key>
				<string>YES</string>
				<key>CLANG_WARN_EMPTY_BODY</key>
				<string>YES</string>
				<key>CLANG_WARN_ENUM_CONVERSION</key>
				<string>YES</string>
				<key>CLANG_WARN_INFINITE_RECURSION</key>
				<string>YES</string>
				<key>CLANG_WARN_INT_CONVERSION</key>
				<string>YES</string>
				<key>CLANG_WARN_OBJC_ROOT_CLASS</key>
				<string>YES_ERROR</string>
				<key>CLANG_WARN_SUSPICIOUS_MOVES</key>
				<string>YES</string>
				<key>CLANG_WARN_UNREACHABLE_CODE</key>
				<string>YES</string>
				<key>CLANG_WARN__DUPLICATE_METHOD_MATCH</key>
				<string>YES</string>
				<key>CODE_SIGN_IDENTITY[sdk=iphoneos*]</key>
				<string>iPhone Developer</string>
				<key>COPY_PHASE_STRIP</key>
				<string>NO</string>
				<key>DEBUG_INFORMATION_FORMAT</key>
				<string>dwarf-with-dsym</string>
				<key>ENABLE_NS_ASSERTIONS</key>
				<string>NO</string>
				<key>ENABLE_STRICT_OBJC_MSGSEND</key>
				<string>YES</string>
				<key>GCC_C_LANGUAGE_STANDARD</key>
				<string>gnu99</string>
				<key>GCC_NO_COMMON_BLOCKS</key>
				<string>YES</string>
				<key>GCC_WARN_64_TO_32_BIT_CONVERSION</key>
				<string>YES</string>
				<key>GCC_WARN_ABOUT_RETURN_TYPE</key>
				<string>YES_ERROR</string>
				<key>GCC_WARN_UNDECLARED_SELECTOR</key>
				<string>YES</string>
				<key>GCC_WARN_UNINITIALIZED_AUTOS</key>
				<string>YES_AGGRESSIVE</string>
				<key>GCC_WARN_UNUSED_FUNCTION</key>
				<string>YES</string>
				<key>GCC_WARN_UNUSED_VARIABLE</key>
				<string>YES</string>
				<key>IPHONEOS_DEPLOYMENT_TARGET</key>
				<string>10.0</string>
				<key>MTL_ENABLE_DEBUG_INFO</key>
				<string>NO</string>
				<key>SDKROOT</key>
				<string>iphoneos</string>
				<key>VALIDATE_PRODUCT</key>
				<string>YES</string>
			</dict>
			<key>isa</key>
			<string>XCBuildConfiguration</string>
			<key>name</key>
			<string>Release</string>
		</dict>
		<key>FB30F28E1E2DE65D0091AFBA</key>
		<dict>
			<key>buildConfigurations</key>
			<array>
				<string>FB30F28F1E2DE65D0091AFBA</string>
				<string>FB30F2901E2DE65D0091AFBA</string>
			</array>
			<key>defaultConfigurationIsVisible</key>
			<string>0</string>
			<key>isa</key>
			<string>XCConfigurationList</string>
		</dict>
		<key>FB30F28F1E2DE65D0091AFBA</key>
		<dict>
			<key>baseConfigurationReference</key>
			<string>A8FBA22D8864E304ED6B01F2</string>
			<key>buildSettings</key>
			<dict>
				<key>ASSETCATALOG_COMPILER_APPICON_NAME</key>
				<string>AppIcon</string>
				<key>DEVELOPMENT_TEAM</key>
				<string>QXL582XFUQ</string>
				<key>INFOPLIST_FILE</key>
				<string>DHNetRequestTool/Info.plist</string>
				<key>LD_RUNPATH_SEARCH_PATHS</key>
				<string>$(inherited) @executable_path/Frameworks</string>
				<key>PRODUCT_BUNDLE_IDENTIFIER</key>
				<string>com.dahai.hu.DHNetRequestTool</string>
				<key>PRODUCT_NAME</key>
				<string>$(TARGET_NAME)</string>
			</dict>
			<key>isa</key>
			<string>XCBuildConfiguration</string>
			<key>name</key>
			<string>Debug</string>
		</dict>
		<key>FB30F2901E2DE65D0091AFBA</key>
		<dict>
			<key>baseConfigurationReference</key>
			<string>2006A3F6ECB2A644A5FE8165</string>
			<key>buildSettings</key>
			<dict>
				<key>ASSETCATALOG_COMPILER_APPICON_NAME</key>
				<string>AppIcon</string>
				<key>DEVELOPMENT_TEAM</key>
				<string>QXL582XFUQ</string>
				<key>INFOPLIST_FILE</key>
				<string>DHNetRequestTool/Info.plist</string>
				<key>LD_RUNPATH_SEARCH_PATHS</key>
				<string>$(inherited) @executable_path/Frameworks</string>
				<key>PRODUCT_BUNDLE_IDENTIFIER</key>
				<string>com.dahai.hu.DHNetRequestTool</string>
				<key>PRODUCT_NAME</key>
				<string>$(TARGET_NAME)</string>
			</dict>
			<key>isa</key>
			<string>XCBuildConfiguration</string>
			<key>name</key>
			<string>Release</string>
		</dict>
		<key>FB30F2911E2DE65D0091AFBA</key>
		<dict>
			<key>buildConfigurations</key>
			<array>
				<string>FB30F2921E2DE65D0091AFBA</string>
				<string>FB30F2931E2DE65D0091AFBA</string>
			</array>
			<key>defaultConfigurationIsVisible</key>
			<string>0</string>
			<key>isa</key>
			<string>XCConfigurationList</string>
		</dict>
		<key>FB30F2921E2DE65D0091AFBA</key>
		<dict>
			<key>buildSettings</key>
			<dict>
				<key>BUNDLE_LOADER</key>
				<string>$(TEST_HOST)</string>
				<key>DEVELOPMENT_TEAM</key>
				<string>QXL582XFUQ</string>
				<key>INFOPLIST_FILE</key>
				<string>DHNetRequestToolTests/Info.plist</string>
				<key>LD_RUNPATH_SEARCH_PATHS</key>
				<string>$(inherited) @executable_path/Frameworks @loader_path/Frameworks</string>
				<key>PRODUCT_BUNDLE_IDENTIFIER</key>
				<string>com.dahai.hu.DHNetRequestToolTests</string>
				<key>PRODUCT_NAME</key>
				<string>$(TARGET_NAME)</string>
				<key>TEST_HOST</key>
				<string>$(BUILT_PRODUCTS_DIR)/DHNetRequestTool.app/DHNetRequestTool</string>
			</dict>
			<key>isa</key>
			<string>XCBuildConfiguration</string>
			<key>name</key>
			<string>Debug</string>
		</dict>
		<key>FB30F2931E2DE65D0091AFBA</key>
		<dict>
			<key>buildSettings</key>
			<dict>
				<key>BUNDLE_LOADER</key>
				<string>$(TEST_HOST)</string>
				<key>DEVELOPMENT_TEAM</key>
				<string>QXL582XFUQ</string>
				<key>INFOPLIST_FILE</key>
				<string>DHNetRequestToolTests/Info.plist</string>
				<key>LD_RUNPATH_SEARCH_PATHS</key>
				<string>$(inherited) @executable_path/Frameworks @loader_path/Frameworks</string>
				<key>PRODUCT_BUNDLE_IDENTIFIER</key>
				<string>com.dahai.hu.DHNetRequestToolTests</string>
				<key>PRODUCT_NAME</key>
				<string>$(TARGET_NAME)</string>
				<key>TEST_HOST</key>
				<string>$(BUILT_PRODUCTS_DIR)/DHNetRequestTool.app/DHNetRequestTool</string>
			</dict>
			<key>isa</key>
			<string>XCBuildConfiguration</string>
			<key>name</key>
			<string>Release</string>
		</dict>
		<key>FB30F2941E2DE65D0091AFBA</key>
		<dict>
			<key>buildConfigurations</key>
			<array>
				<string>FB30F2951E2DE65D0091AFBA</string>
				<string>FB30F2961E2DE65D0091AFBA</string>
			</array>
			<key>defaultConfigurationIsVisible</key>
			<string>0</string>
			<key>isa</key>
			<string>XCConfigurationList</string>
		</dict>
		<key>FB30F2951E2DE65D0091AFBA</key>
		<dict>
			<key>buildSettings</key>
			<dict>
				<key>DEVELOPMENT_TEAM</key>
				<string>QXL582XFUQ</string>
				<key>INFOPLIST_FILE</key>
				<string>DHNetRequestToolUITests/Info.plist</string>
				<key>LD_RUNPATH_SEARCH_PATHS</key>
				<string>$(inherited) @executable_path/Frameworks @loader_path/Frameworks</string>
				<key>PRODUCT_BUNDLE_IDENTIFIER</key>
				<string>com.dahai.hu.DHNetRequestToolUITests</string>
				<key>PRODUCT_NAME</key>
				<string>$(TARGET_NAME)</string>
				<key>TEST_TARGET_NAME</key>
				<string>DHNetRequestTool</string>
			</dict>
			<key>isa</key>
			<string>XCBuildConfiguration</string>
			<key>name</key>
			<string>Debug</string>
		</dict>
		<key>FB30F2961E2DE65D0091AFBA</key>
		<dict>
			<key>buildSettings</key>
			<dict>
				<key>DEVELOPMENT_TEAM</key>
				<string>QXL582XFUQ</string>
				<key>INFOPLIST_FILE</key>
				<string>DHNetRequestToolUITests/Info.plist</string>
				<key>LD_RUNPATH_SEARCH_PATHS</key>
				<string>$(inherited) @executable_path/Frameworks @loader_path/Frameworks</string>
				<key>PRODUCT_BUNDLE_IDENTIFIER</key>
				<string>com.dahai.hu.DHNetRequestToolUITests</string>
				<key>PRODUCT_NAME</key>
				<string>$(TARGET_NAME)</string>
				<key>TEST_TARGET_NAME</key>
				<string>DHNetRequestTool</string>
			</dict>
			<key>isa</key>
			<string>XCBuildConfiguration</string>
			<key>name</key>
			<string>Release</string>
		</dict>
		<key>FB30F2971E2DE6830091AFBA</key>
		<dict>
			<key>children</key>
			<array>
				<string>FB30F2981E2DE6A40091AFBA</string>
				<string>FB30F2991E2DE6A40091AFBA</string>
				<string>FB30F29B1E2DE99D0091AFBA</string>
				<string>FB30F29C1E2DE99D0091AFBA</string>
				<string>FB30F29E1E2DE9E20091AFBA</string>
				<string>FB30F29F1E2DE9E20091AFBA</string>
			</array>
			<key>isa</key>
			<string>PBXGroup</string>
			<key>path</key>
			<string>DHNetRequestTools</string>
			<key>sourceTree</key>
			<string>&lt;group&gt;</string>
		</dict>
		<key>FB30F2981E2DE6A40091AFBA</key>
		<dict>
			<key>fileEncoding</key>
			<string>4</string>
			<key>isa</key>
			<string>PBXFileReference</string>
			<key>lastKnownFileType</key>
			<string>sourcecode.c.h</string>
			<key>path</key>
			<string>DHHttpRequestManger.h</string>
			<key>sourceTree</key>
			<string>&lt;group&gt;</string>
		</dict>
		<key>FB30F2991E2DE6A40091AFBA</key>
		<dict>
			<key>fileEncoding</key>
			<string>4</string>
			<key>isa</key>
			<string>PBXFileReference</string>
			<key>lastKnownFileType</key>
			<string>sourcecode.c.objc</string>
			<key>path</key>
			<string>DHHttpRequestManger.m</string>
			<key>sourceTree</key>
			<string>&lt;group&gt;</string>
		</dict>
		<key>FB30F29A1E2DE6A40091AFBA</key>
		<dict>
			<key>fileRef</key>
			<string>FB30F2991E2DE6A40091AFBA</string>
			<key>isa</key>
			<string>PBXBuildFile</string>
		</dict>
		<key>FB30F29B1E2DE99D0091AFBA</key>
		<dict>
			<key>fileEncoding</key>
			<string>4</string>
			<key>isa</key>
			<string>PBXFileReference</string>
			<key>lastKnownFileType</key>
			<string>sourcecode.c.h</string>
			<key>path</key>
			<string>DHHttpRequest.h</string>
			<key>sourceTree</key>
			<string>&lt;group&gt;</string>
		</dict>
		<key>FB30F29C1E2DE99D0091AFBA</key>
		<dict>
			<key>fileEncoding</key>
			<string>4</string>
			<key>isa</key>
			<string>PBXFileReference</string>
			<key>lastKnownFileType</key>
			<string>sourcecode.c.objc</string>
			<key>path</key>
			<string>DHHttpRequest.m</string>
			<key>sourceTree</key>
			<string>&lt;group&gt;</string>
		</dict>
		<key>FB30F29D1E2DE99D0091AFBA</key>
		<dict>
			<key>fileRef</key>
			<string>FB30F29C1E2DE99D0091AFBA</string>
			<key>isa</key>
			<string>PBXBuildFile</string>
		</dict>
		<key>FB30F29E1E2DE9E20091AFBA</key>
		<dict>
			<key>fileEncoding</key>
			<string>4</string>
			<key>isa</key>
			<string>PBXFileReference</string>
			<key>lastKnownFileType</key>
			<string>sourcecode.c.h</string>
			<key>path</key>
			<string>DHHttpResponseHandler.h</string>
			<key>sourceTree</key>
			<string>&lt;group&gt;</string>
		</dict>
		<key>FB30F29F1E2DE9E20091AFBA</key>
		<dict>
			<key>fileEncoding</key>
			<string>4</string>
			<key>isa</key>
			<string>PBXFileReference</string>
			<key>lastKnownFileType</key>
			<string>sourcecode.c.objc</string>
			<key>path</key>
			<string>DHHttpResponseHandler.m</string>
			<key>sourceTree</key>
			<string>&lt;group&gt;</string>
		</dict>
		<key>FB30F2A01E2DE9E20091AFBA</key>
		<dict>
			<key>fileRef</key>
			<string>FB30F29F1E2DE9E20091AFBA</string>
			<key>isa</key>
			<string>PBXBuildFile</string>
		</dict>
	</dict>
	<key>rootObject</key>
	<string>FB30F2591E2DE65D0091AFBA</string>
</dict>
</plist>
